// !$*UTF8*$!
{
	archiveVersion = 1;
	classes = {
	};
	objectVersion = 55;
	objects = {

/* Begin PBXBuildFile section */
		500FDB71280F345100556B8E /* RecipeViewModel+Mode.swift in Sources */ = {isa = PBXBuildFile; fileRef = 500FDB70280F345100556B8E /* RecipeViewModel+Mode.swift */; };
		502042BB280F2617009074BC /* CustomUI in Frameworks */ = {isa = PBXBuildFile; productRef = 502042BA280F2617009074BC /* CustomUI */; };
		502BF6732809A87200C6AA91 /* RecipeView+header.swift in Sources */ = {isa = PBXBuildFile; fileRef = 502BF6722809A87200C6AA91 /* RecipeView+header.swift */; };
		502BF6752809A87B00C6AA91 /* RecipeView+content.swift in Sources */ = {isa = PBXBuildFile; fileRef = 502BF6742809A87B00C6AA91 /* RecipeView+content.swift */; };
		502BF6772809A88600C6AA91 /* RecipeView+footer.swift in Sources */ = {isa = PBXBuildFile; fileRef = 502BF6762809A88600C6AA91 /* RecipeView+footer.swift */; };
		502BF67C2809AF9700C6AA91 /* RecipeViewModel+header.swift in Sources */ = {isa = PBXBuildFile; fileRef = 502BF67B2809AF9700C6AA91 /* RecipeViewModel+header.swift */; };
		502BF67E2809B4D000C6AA91 /* RecipeViewModel+footer.swift in Sources */ = {isa = PBXBuildFile; fileRef = 502BF67D2809B4D000C6AA91 /* RecipeViewModel+footer.swift */; };
		5032A6B627FB47610031501D /* RecipeViewModel.swift in Sources */ = {isa = PBXBuildFile; fileRef = 5032A6B527FB47610031501D /* RecipeViewModel.swift */; };
		5032A6C927FC892F0031501D /* NotificationTestView.swift in Sources */ = {isa = PBXBuildFile; fileRef = 5032A6C827FC892F0031501D /* NotificationTestView.swift */; };
		504D3C1927E017B200C95123 /* BreadBuddyApp.swift in Sources */ = {isa = PBXBuildFile; fileRef = 504D3C1827E017B200C95123 /* BreadBuddyApp.swift */; };
		504D3C1D27E017B300C95123 /* Assets.xcassets in Resources */ = {isa = PBXBuildFile; fileRef = 504D3C1C27E017B300C95123 /* Assets.xcassets */; };
		504D3C2027E017B300C95123 /* Preview.xcassets in Resources */ = {isa = PBXBuildFile; fileRef = 504D3C1F27E017B300C95123 /* Preview.xcassets */; };
		504D3C2A27E017B300C95123 /* BreadBuddyTests.swift in Sources */ = {isa = PBXBuildFile; fileRef = 504D3C2927E017B300C95123 /* BreadBuddyTests.swift */; };
		504E6E93280F300E00B5EE21 /* Core in Frameworks */ = {isa = PBXBuildFile; productRef = 504E6E92280F300E00B5EE21 /* Core */; };
		505EAFE9280F717C009F596A /* Matter-SemiBold.ttf in Resources */ = {isa = PBXBuildFile; fileRef = 505EAFCD280F717C009F596A /* Matter-SemiBold.ttf */; };
		505EAFED280F717C009F596A /* Matter-RegularItalic.ttf in Resources */ = {isa = PBXBuildFile; fileRef = 505EAFD1280F717C009F596A /* Matter-RegularItalic.ttf */; };
		505EAFF0280F717C009F596A /* Matter-Regular.ttf in Resources */ = {isa = PBXBuildFile; fileRef = 505EAFD4280F717C009F596A /* Matter-Regular.ttf */; };
		505EAFF4280F7299009F596A /* Font+.swift in Sources */ = {isa = PBXBuildFile; fileRef = 505EAFF3280F7299009F596A /* Font+.swift */; };
		505EAFF6280F977B009F596A /* Color+.swift in Sources */ = {isa = PBXBuildFile; fileRef = 505EAFF5280F977B009F596A /* Color+.swift */; };
		505EAFF9280F9B12009F596A /* Colors.xcassets in Resources */ = {isa = PBXBuildFile; fileRef = 505EAFF8280F9B12009F596A /* Colors.xcassets */; };
		50631BF728070F0E007985F1 /* EditStepMode.swift in Sources */ = {isa = PBXBuildFile; fileRef = 50631BF628070F0D007985F1 /* EditStepMode.swift */; };
		50631BF9280739A3007985F1 /* RecipeView+EditStep.swift in Sources */ = {isa = PBXBuildFile; fileRef = 50631BF8280739A3007985F1 /* RecipeView+EditStep.swift */; };
		50631C05280851DF007985F1 /* RecipeView.swift in Sources */ = {isa = PBXBuildFile; fileRef = 50631C04280851DF007985F1 /* RecipeView.swift */; };
		50631C0B280868A6007985F1 /* RecipeView+DisplayStep.swift in Sources */ = {isa = PBXBuildFile; fileRef = 50631C0A280868A6007985F1 /* RecipeView+DisplayStep.swift */; };
		508255532811D65800E8B109 /* Recipe+static.swift in Sources */ = {isa = PBXBuildFile; fileRef = 508255522811D65800E8B109 /* Recipe+static.swift */; };
		5095911D280F3B9600F83121 /* RecipeView+editContent.swift in Sources */ = {isa = PBXBuildFile; fileRef = 5095911C280F3B9600F83121 /* RecipeView+editContent.swift */; };
		5095911F280F3C0C00F83121 /* RecipeView+displayContent.swift in Sources */ = {isa = PBXBuildFile; fileRef = 5095911E280F3C0C00F83121 /* RecipeView+displayContent.swift */; };
		5099091428118B4500F8DE45 /* TimelineTestView.swift in Sources */ = {isa = PBXBuildFile; fileRef = 5099091328118B4500F8DE45 /* TimelineTestView.swift */; };
		509953192800CB09004AEEAB /* GRDB in Frameworks */ = {isa = PBXBuildFile; productRef = 509953182800CB09004AEEAB /* GRDB */; };
		5099531D2800CBFA004AEEAB /* Database.swift in Sources */ = {isa = PBXBuildFile; fileRef = 5099531C2800CBFA004AEEAB /* Database.swift */; };
		509953202800CC60004AEEAB /* IndexView.swift in Sources */ = {isa = PBXBuildFile; fileRef = 5099531F2800CC60004AEEAB /* IndexView.swift */; };
		509953222800CC6F004AEEAB /* IndexViewModel.swift in Sources */ = {isa = PBXBuildFile; fileRef = 509953212800CC6F004AEEAB /* IndexViewModel.swift */; };
		50CD03E3280D9ECD0001C3CB /* GRDBRecipeRepository.swift in Sources */ = {isa = PBXBuildFile; fileRef = 50CD03E2280D9ECD0001C3CB /* GRDBRecipeRepository.swift */; };
		50CD03E5280D9F340001C3CB /* RecipeRepository.swift in Sources */ = {isa = PBXBuildFile; fileRef = 50CD03E4280D9F340001C3CB /* RecipeRepository.swift */; };
		50E020372804B2FF00440979 /* EditStepField.swift in Sources */ = {isa = PBXBuildFile; fileRef = 50E020362804B2FF00440979 /* EditStepField.swift */; };
		50E7F3702809E1D8008CF185 /* RecipeViewModel+content.swift in Sources */ = {isa = PBXBuildFile; fileRef = 50E7F36F2809E1D8008CF185 /* RecipeViewModel+content.swift */; };
		50E7F3792809EFA9008CF185 /* Recipe+GRDB.swift in Sources */ = {isa = PBXBuildFile; fileRef = 50E7F3782809EFA9008CF185 /* Recipe+GRDB.swift */; };
		50E7F37B2809EFAF008CF185 /* Recipe+preview.swift in Sources */ = {isa = PBXBuildFile; fileRef = 50E7F37A2809EFAF008CF185 /* Recipe+preview.swift */; };
		50E7F3812809F665008CF185 /* Database+shared.swift in Sources */ = {isa = PBXBuildFile; fileRef = 50E7F3802809F665008CF185 /* Database+shared.swift */; };
		50E7F3832809F698008CF185 /* Database+preview.swift in Sources */ = {isa = PBXBuildFile; fileRef = 50E7F3822809F698008CF185 /* Database+preview.swift */; };
		50E7F3852809F6F2008CF185 /* Database+migrator.swift in Sources */ = {isa = PBXBuildFile; fileRef = 50E7F3842809F6F2008CF185 /* Database+migrator.swift */; };
/* End PBXBuildFile section */

/* Begin PBXContainerItemProxy section */
		504D3C2627E017B300C95123 /* PBXContainerItemProxy */ = {
			isa = PBXContainerItemProxy;
			containerPortal = 504D3C0D27E017B200C95123 /* Project object */;
			proxyType = 1;
			remoteGlobalIDString = 504D3C1427E017B200C95123;
			remoteInfo = BreadBuddy;
		};
/* End PBXContainerItemProxy section */

/* Begin PBXFileReference section */
		500FDB70280F345100556B8E /* RecipeViewModel+Mode.swift */ = {isa = PBXFileReference; lastKnownFileType = sourcecode.swift; path = "RecipeViewModel+Mode.swift"; sourceTree = "<group>"; };
		502042B9280F25CA009074BC /* CustomUI */ = {isa = PBXFileReference; lastKnownFileType = wrapper; path = CustomUI; sourceTree = "<group>"; };
		502BF6722809A87200C6AA91 /* RecipeView+header.swift */ = {isa = PBXFileReference; lastKnownFileType = sourcecode.swift; path = "RecipeView+header.swift"; sourceTree = "<group>"; };
		502BF6742809A87B00C6AA91 /* RecipeView+content.swift */ = {isa = PBXFileReference; lastKnownFileType = sourcecode.swift; path = "RecipeView+content.swift"; sourceTree = "<group>"; };
		502BF6762809A88600C6AA91 /* RecipeView+footer.swift */ = {isa = PBXFileReference; lastKnownFileType = sourcecode.swift; path = "RecipeView+footer.swift"; sourceTree = "<group>"; };
		502BF67B2809AF9700C6AA91 /* RecipeViewModel+header.swift */ = {isa = PBXFileReference; lastKnownFileType = sourcecode.swift; path = "RecipeViewModel+header.swift"; sourceTree = "<group>"; };
		502BF67D2809B4D000C6AA91 /* RecipeViewModel+footer.swift */ = {isa = PBXFileReference; lastKnownFileType = sourcecode.swift; path = "RecipeViewModel+footer.swift"; sourceTree = "<group>"; };
		5032A6B527FB47610031501D /* RecipeViewModel.swift */ = {isa = PBXFileReference; lastKnownFileType = sourcecode.swift; path = RecipeViewModel.swift; sourceTree = "<group>"; };
		5032A6C827FC892F0031501D /* NotificationTestView.swift */ = {isa = PBXFileReference; lastKnownFileType = sourcecode.swift; path = NotificationTestView.swift; sourceTree = "<group>"; };
		504D3C1527E017B200C95123 /* BreadBuddy.app */ = {isa = PBXFileReference; explicitFileType = wrapper.application; includeInIndex = 0; path = BreadBuddy.app; sourceTree = BUILT_PRODUCTS_DIR; };
		504D3C1827E017B200C95123 /* BreadBuddyApp.swift */ = {isa = PBXFileReference; lastKnownFileType = sourcecode.swift; path = BreadBuddyApp.swift; sourceTree = "<group>"; };
		504D3C1C27E017B300C95123 /* Assets.xcassets */ = {isa = PBXFileReference; lastKnownFileType = folder.assetcatalog; path = Assets.xcassets; sourceTree = "<group>"; };
		504D3C1F27E017B300C95123 /* Preview.xcassets */ = {isa = PBXFileReference; lastKnownFileType = folder.assetcatalog; path = Preview.xcassets; sourceTree = "<group>"; };
		504D3C2527E017B300C95123 /* BreadBuddyTests.xctest */ = {isa = PBXFileReference; explicitFileType = wrapper.cfbundle; includeInIndex = 0; path = BreadBuddyTests.xctest; sourceTree = BUILT_PRODUCTS_DIR; };
		504D3C2927E017B300C95123 /* BreadBuddyTests.swift */ = {isa = PBXFileReference; lastKnownFileType = sourcecode.swift; path = BreadBuddyTests.swift; sourceTree = "<group>"; };
		504E6E91280F300400B5EE21 /* Core */ = {isa = PBXFileReference; lastKnownFileType = wrapper; path = Core; sourceTree = "<group>"; };
		5056E20C28105FF6008592DB /* Matter-SemiBoldItalic.ttf */ = {isa = PBXFileReference; lastKnownFileType = file; path = "Matter-SemiBoldItalic.ttf"; sourceTree = "<group>"; };
		505EAFCD280F717C009F596A /* Matter-SemiBold.ttf */ = {isa = PBXFileReference; lastKnownFileType = file; path = "Matter-SemiBold.ttf"; sourceTree = "<group>"; };
		505EAFD1280F717C009F596A /* Matter-RegularItalic.ttf */ = {isa = PBXFileReference; lastKnownFileType = file; path = "Matter-RegularItalic.ttf"; sourceTree = "<group>"; };
		505EAFD4280F717C009F596A /* Matter-Regular.ttf */ = {isa = PBXFileReference; lastKnownFileType = file; path = "Matter-Regular.ttf"; sourceTree = "<group>"; };
		505EAFF1280F71C1009F596A /* Info.plist */ = {isa = PBXFileReference; lastKnownFileType = text.plist.xml; path = Info.plist; sourceTree = "<group>"; };
		505EAFF3280F7299009F596A /* Font+.swift */ = {isa = PBXFileReference; lastKnownFileType = sourcecode.swift; path = "Font+.swift"; sourceTree = "<group>"; };
		505EAFF5280F977B009F596A /* Color+.swift */ = {isa = PBXFileReference; lastKnownFileType = sourcecode.swift; path = "Color+.swift"; sourceTree = "<group>"; };
		505EAFF8280F9B12009F596A /* Colors.xcassets */ = {isa = PBXFileReference; lastKnownFileType = folder.assetcatalog; path = Colors.xcassets; sourceTree = "<group>"; };
		50631BF628070F0D007985F1 /* EditStepMode.swift */ = {isa = PBXFileReference; lastKnownFileType = sourcecode.swift; path = EditStepMode.swift; sourceTree = "<group>"; };
		50631BF8280739A3007985F1 /* RecipeView+EditStep.swift */ = {isa = PBXFileReference; lastKnownFileType = sourcecode.swift; path = "RecipeView+EditStep.swift"; sourceTree = "<group>"; };
		50631C04280851DF007985F1 /* RecipeView.swift */ = {isa = PBXFileReference; lastKnownFileType = sourcecode.swift; path = RecipeView.swift; sourceTree = "<group>"; };
		50631C0A280868A6007985F1 /* RecipeView+DisplayStep.swift */ = {isa = PBXFileReference; lastKnownFileType = sourcecode.swift; path = "RecipeView+DisplayStep.swift"; sourceTree = "<group>"; };
		508255522811D65800E8B109 /* Recipe+static.swift */ = {isa = PBXFileReference; lastKnownFileType = sourcecode.swift; path = "Recipe+static.swift"; sourceTree = "<group>"; };
		5095911C280F3B9600F83121 /* RecipeView+editContent.swift */ = {isa = PBXFileReference; lastKnownFileType = sourcecode.swift; path = "RecipeView+editContent.swift"; sourceTree = "<group>"; };
		5095911E280F3C0C00F83121 /* RecipeView+displayContent.swift */ = {isa = PBXFileReference; lastKnownFileType = sourcecode.swift; path = "RecipeView+displayContent.swift"; sourceTree = "<group>"; };
		5099091328118B4500F8DE45 /* TimelineTestView.swift */ = {isa = PBXFileReference; lastKnownFileType = sourcecode.swift; path = TimelineTestView.swift; sourceTree = "<group>"; };
		5099531C2800CBFA004AEEAB /* Database.swift */ = {isa = PBXFileReference; lastKnownFileType = sourcecode.swift; path = Database.swift; sourceTree = "<group>"; };
		5099531F2800CC60004AEEAB /* IndexView.swift */ = {isa = PBXFileReference; lastKnownFileType = sourcecode.swift; path = IndexView.swift; sourceTree = "<group>"; };
		509953212800CC6F004AEEAB /* IndexViewModel.swift */ = {isa = PBXFileReference; lastKnownFileType = sourcecode.swift; path = IndexViewModel.swift; sourceTree = "<group>"; };
		50CD03E2280D9ECD0001C3CB /* GRDBRecipeRepository.swift */ = {isa = PBXFileReference; lastKnownFileType = sourcecode.swift; path = GRDBRecipeRepository.swift; sourceTree = "<group>"; };
		50CD03E4280D9F340001C3CB /* RecipeRepository.swift */ = {isa = PBXFileReference; lastKnownFileType = sourcecode.swift; path = RecipeRepository.swift; sourceTree = "<group>"; };
		50E020362804B2FF00440979 /* EditStepField.swift */ = {isa = PBXFileReference; lastKnownFileType = sourcecode.swift; path = EditStepField.swift; sourceTree = "<group>"; };
		50E7F36F2809E1D8008CF185 /* RecipeViewModel+content.swift */ = {isa = PBXFileReference; lastKnownFileType = sourcecode.swift; path = "RecipeViewModel+content.swift"; sourceTree = "<group>"; };
		50E7F3782809EFA9008CF185 /* Recipe+GRDB.swift */ = {isa = PBXFileReference; lastKnownFileType = sourcecode.swift; path = "Recipe+GRDB.swift"; sourceTree = "<group>"; };
		50E7F37A2809EFAF008CF185 /* Recipe+preview.swift */ = {isa = PBXFileReference; lastKnownFileType = sourcecode.swift; path = "Recipe+preview.swift"; sourceTree = "<group>"; };
		50E7F3802809F665008CF185 /* Database+shared.swift */ = {isa = PBXFileReference; lastKnownFileType = sourcecode.swift; path = "Database+shared.swift"; sourceTree = "<group>"; };
		50E7F3822809F698008CF185 /* Database+preview.swift */ = {isa = PBXFileReference; lastKnownFileType = sourcecode.swift; path = "Database+preview.swift"; sourceTree = "<group>"; };
		50E7F3842809F6F2008CF185 /* Database+migrator.swift */ = {isa = PBXFileReference; lastKnownFileType = sourcecode.swift; path = "Database+migrator.swift"; sourceTree = "<group>"; };
/* End PBXFileReference section */

/* Begin PBXFrameworksBuildPhase section */
		504D3C1227E017B200C95123 /* Frameworks */ = {
			isa = PBXFrameworksBuildPhase;
			buildActionMask = 2147483647;
			files = (
				502042BB280F2617009074BC /* CustomUI in Frameworks */,
				509953192800CB09004AEEAB /* GRDB in Frameworks */,
				504E6E93280F300E00B5EE21 /* Core in Frameworks */,
			);
			runOnlyForDeploymentPostprocessing = 0;
		};
		504D3C2227E017B300C95123 /* Frameworks */ = {
			isa = PBXFrameworksBuildPhase;
			buildActionMask = 2147483647;
			files = (
			);
			runOnlyForDeploymentPostprocessing = 0;
		};
/* End PBXFrameworksBuildPhase section */

/* Begin PBXGroup section */
		500FDB73280F39C200556B8E /* Edit */ = {
			isa = PBXGroup;
			children = (
				5095911C280F3B9600F83121 /* RecipeView+editContent.swift */,
				50631BF8280739A3007985F1 /* RecipeView+EditStep.swift */,
				50E020362804B2FF00440979 /* EditStepField.swift */,
				50631BF628070F0D007985F1 /* EditStepMode.swift */,
			);
			path = Edit;
			sourceTree = "<group>";
		};
		500FDB74280F39C800556B8E /* Display */ = {
			isa = PBXGroup;
			children = (
				5095911E280F3C0C00F83121 /* RecipeView+displayContent.swift */,
				50631C0A280868A6007985F1 /* RecipeView+DisplayStep.swift */,
			);
			path = Display;
			sourceTree = "<group>";
		};
		501E92FD2805C50600F120EA /* Views */ = {
			isa = PBXGroup;
			children = (
				5099531E2800CC44004AEEAB /* Index */,
				50B6A4C927FDD63600A1F834 /* Recipe */,
				5032A6C827FC892F0031501D /* NotificationTestView.swift */,
				5099091328118B4500F8DE45 /* TimelineTestView.swift */,
			);
			path = Views;
			sourceTree = "<group>";
		};
		502BF6782809AC7B00C6AA91 /* Header */ = {
			isa = PBXGroup;
			children = (
				502BF6722809A87200C6AA91 /* RecipeView+header.swift */,
				502BF67B2809AF9700C6AA91 /* RecipeViewModel+header.swift */,
			);
			path = Header;
			sourceTree = "<group>";
		};
		502BF6792809AC8300C6AA91 /* Content */ = {
			isa = PBXGroup;
			children = (
				500FDB74280F39C800556B8E /* Display */,
				500FDB73280F39C200556B8E /* Edit */,
				502BF6742809A87B00C6AA91 /* RecipeView+content.swift */,
				50E7F36F2809E1D8008CF185 /* RecipeViewModel+content.swift */,
			);
			path = Content;
			sourceTree = "<group>";
		};
		502BF67A2809AC8700C6AA91 /* Footer */ = {
			isa = PBXGroup;
			children = (
				502BF6762809A88600C6AA91 /* RecipeView+footer.swift */,
				502BF67D2809B4D000C6AA91 /* RecipeViewModel+footer.swift */,
			);
			path = Footer;
			sourceTree = "<group>";
		};
		504D3C0C27E017B200C95123 = {
			isa = PBXGroup;
			children = (
				50E7F3732809EF0E008CF185 /* Modules */,
				504D3C1727E017B200C95123 /* BreadBuddy */,
				504D3C2827E017B300C95123 /* BreadBuddyTests */,
				504D3C1627E017B200C95123 /* Products */,
				50E7F3752809EF41008CF185 /* Frameworks */,
			);
			sourceTree = "<group>";
		};
		504D3C1627E017B200C95123 /* Products */ = {
			isa = PBXGroup;
			children = (
				504D3C1527E017B200C95123 /* BreadBuddy.app */,
				504D3C2527E017B300C95123 /* BreadBuddyTests.xctest */,
			);
			name = Products;
			sourceTree = "<group>";
		};
		504D3C1727E017B200C95123 /* BreadBuddy */ = {
			isa = PBXGroup;
			children = (
				50DCF1D827F7774300D0A369 /* App */,
				50CD03E0280D8A380001C3CB /* Repositories */,
				501E92FD2805C50600F120EA /* Views */,
			);
			path = BreadBuddy;
			sourceTree = "<group>";
		};
		504D3C2827E017B300C95123 /* BreadBuddyTests */ = {
			isa = PBXGroup;
			children = (
				504D3C2927E017B300C95123 /* BreadBuddyTests.swift */,
			);
			path = BreadBuddyTests;
			sourceTree = "<group>";
		};
		505EAFB2280F6CA9009F596A /* Fonts */ = {
			isa = PBXGroup;
			children = (
				505EAFC8280F717C009F596A /* Matter */,
				505EAFF3280F7299009F596A /* Font+.swift */,
			);
			path = Fonts;
			sourceTree = "<group>";
		};
		505EAFC8280F717C009F596A /* Matter */ = {
			isa = PBXGroup;
			children = (
				505EAFD4280F717C009F596A /* Matter-Regular.ttf */,
				505EAFD1280F717C009F596A /* Matter-RegularItalic.ttf */,
				505EAFCD280F717C009F596A /* Matter-SemiBold.ttf */,
				5056E20C28105FF6008592DB /* Matter-SemiBoldItalic.ttf */,
			);
			path = Matter;
			sourceTree = "<group>";
		};
		505EAFF2280F71E4009F596A /* Config */ = {
			isa = PBXGroup;
			children = (
				505EAFF1280F71C1009F596A /* Info.plist */,
			);
			path = Config;
			sourceTree = "<group>";
		};
		505EAFF7280F9AF2009F596A /* Colors */ = {
			isa = PBXGroup;
			children = (
				505EAFF5280F977B009F596A /* Color+.swift */,
				505EAFF8280F9B12009F596A /* Colors.xcassets */,
			);
			path = Colors;
			sourceTree = "<group>";
		};
		5099531B2800CBE6004AEEAB /* Database */ = {
			isa = PBXGroup;
			children = (
				5099531C2800CBFA004AEEAB /* Database.swift */,
				50E7F3842809F6F2008CF185 /* Database+migrator.swift */,
				50E7F3802809F665008CF185 /* Database+shared.swift */,
			);
			path = Database;
			sourceTree = "<group>";
		};
		5099531E2800CC44004AEEAB /* Index */ = {
			isa = PBXGroup;
			children = (
				5099531F2800CC60004AEEAB /* IndexView.swift */,
				509953212800CC6F004AEEAB /* IndexViewModel.swift */,
			);
			path = Index;
			sourceTree = "<group>";
		};
		50B6A4C927FDD63600A1F834 /* Recipe */ = {
			isa = PBXGroup;
			children = (
				502BF6782809AC7B00C6AA91 /* Header */,
				502BF6792809AC8300C6AA91 /* Content */,
				502BF67A2809AC8700C6AA91 /* Footer */,
				50631C04280851DF007985F1 /* RecipeView.swift */,
				5032A6B527FB47610031501D /* RecipeViewModel.swift */,
				500FDB70280F345100556B8E /* RecipeViewModel+Mode.swift */,
			);
			path = Recipe;
			sourceTree = "<group>";
		};
		50CD03E0280D8A380001C3CB /* Repositories */ = {
			isa = PBXGroup;
			children = (
				50CD03E1280D9E9B0001C3CB /* Recipe */,
			);
			path = Repositories;
			sourceTree = "<group>";
		};
		50CD03E1280D9E9B0001C3CB /* Recipe */ = {
			isa = PBXGroup;
			children = (
				50CD03E4280D9F340001C3CB /* RecipeRepository.swift */,
				50CD03E2280D9ECD0001C3CB /* GRDBRecipeRepository.swift */,
				50E7F3782809EFA9008CF185 /* Recipe+GRDB.swift */,
				508255522811D65800E8B109 /* Recipe+static.swift */,
			);
			path = Recipe;
			sourceTree = "<group>";
		};
		50DCF1D827F7774300D0A369 /* App */ = {
			isa = PBXGroup;
			children = (
				50E7F3862809F79E008CF185 /* @main */,
				505EAFF2280F71E4009F596A /* Config */,
				5099531B2800CBE6004AEEAB /* Database */,
				50DCF1DA27F7777F00D0A369 /* Assets */,
				50E7F37F2809F148008CF185 /* Preview */,
			);
			path = App;
			sourceTree = "<group>";
		};
		50DCF1DA27F7777F00D0A369 /* Assets */ = {
			isa = PBXGroup;
			children = (
				505EAFF7280F9AF2009F596A /* Colors */,
				505EAFB2280F6CA9009F596A /* Fonts */,
				504D3C1C27E017B300C95123 /* Assets.xcassets */,
				504D3C1F27E017B300C95123 /* Preview.xcassets */,
			);
			path = Assets;
			sourceTree = "<group>";
		};
		50E7F3732809EF0E008CF185 /* Modules */ = {
			isa = PBXGroup;
			children = (
				504E6E91280F300400B5EE21 /* Core */,
				502042B9280F25CA009074BC /* CustomUI */,
			);
			path = Modules;
			sourceTree = "<group>";
		};
		50E7F3752809EF41008CF185 /* Frameworks */ = {
			isa = PBXGroup;
			children = (
			);
			name = Frameworks;
			sourceTree = "<group>";
		};
		50E7F37F2809F148008CF185 /* Preview */ = {
			isa = PBXGroup;
			children = (
				50E7F3822809F698008CF185 /* Database+preview.swift */,
				50E7F37A2809EFAF008CF185 /* Recipe+preview.swift */,
			);
			path = Preview;
			sourceTree = "<group>";
		};
		50E7F3862809F79E008CF185 /* @main */ = {
			isa = PBXGroup;
			children = (
				504D3C1827E017B200C95123 /* BreadBuddyApp.swift */,
			);
			path = "@main";
			sourceTree = "<group>";
		};
/* End PBXGroup section */

/* Begin PBXNativeTarget section */
		504D3C1427E017B200C95123 /* BreadBuddy */ = {
			isa = PBXNativeTarget;
			buildConfigurationList = 504D3C3927E017B300C95123 /* Build configuration list for PBXNativeTarget "BreadBuddy" */;
			buildPhases = (
				504D3C1127E017B200C95123 /* Sources */,
				504D3C1227E017B200C95123 /* Frameworks */,
				504D3C1327E017B200C95123 /* Resources */,
			);
			buildRules = (
			);
			dependencies = (
			);
			name = BreadBuddy;
			packageProductDependencies = (
				509953182800CB09004AEEAB /* GRDB */,
				502042BA280F2617009074BC /* CustomUI */,
				504E6E92280F300E00B5EE21 /* Core */,
			);
			productName = BreadBuddy;
			productReference = 504D3C1527E017B200C95123 /* BreadBuddy.app */;
			productType = "com.apple.product-type.application";
		};
		504D3C2427E017B300C95123 /* BreadBuddyTests */ = {
			isa = PBXNativeTarget;
			buildConfigurationList = 504D3C3C27E017B300C95123 /* Build configuration list for PBXNativeTarget "BreadBuddyTests" */;
			buildPhases = (
				504D3C2127E017B300C95123 /* Sources */,
				504D3C2227E017B300C95123 /* Frameworks */,
				504D3C2327E017B300C95123 /* Resources */,
			);
			buildRules = (
			);
			dependencies = (
				504D3C2727E017B300C95123 /* PBXTargetDependency */,
			);
			name = BreadBuddyTests;
			productName = BreadBuddyTests;
			productReference = 504D3C2527E017B300C95123 /* BreadBuddyTests.xctest */;
			productType = "com.apple.product-type.bundle.unit-test";
		};
/* End PBXNativeTarget section */

/* Begin PBXProject section */
		504D3C0D27E017B200C95123 /* Project object */ = {
			isa = PBXProject;
			attributes = {
				BuildIndependentTargetsInParallel = 1;
				LastSwiftUpdateCheck = 1320;
				LastUpgradeCheck = 1320;
				TargetAttributes = {
					504D3C1427E017B200C95123 = {
						CreatedOnToolsVersion = 13.2.1;
					};
					504D3C2427E017B300C95123 = {
						CreatedOnToolsVersion = 13.2.1;
						TestTargetID = 504D3C1427E017B200C95123;
					};
				};
			};
			buildConfigurationList = 504D3C1027E017B200C95123 /* Build configuration list for PBXProject "BreadBuddy" */;
			compatibilityVersion = "Xcode 13.0";
			developmentRegion = en;
			hasScannedForEncodings = 0;
			knownRegions = (
				en,
				Base,
			);
			mainGroup = 504D3C0C27E017B200C95123;
			packageReferences = (
				509953172800CB09004AEEAB /* XCRemoteSwiftPackageReference "GRDB.swift" */,
			);
			productRefGroup = 504D3C1627E017B200C95123 /* Products */;
			projectDirPath = "";
			projectRoot = "";
			targets = (
				504D3C1427E017B200C95123 /* BreadBuddy */,
				504D3C2427E017B300C95123 /* BreadBuddyTests */,
			);
		};
/* End PBXProject section */

/* Begin PBXResourcesBuildPhase section */
		504D3C1327E017B200C95123 /* Resources */ = {
			isa = PBXResourcesBuildPhase;
			buildActionMask = 2147483647;
			files = (
				505EAFE9280F717C009F596A /* Matter-SemiBold.ttf in Resources */,
				504D3C2027E017B300C95123 /* Preview.xcassets in Resources */,
				505EAFF9280F9B12009F596A /* Colors.xcassets in Resources */,
				505EAFF0280F717C009F596A /* Matter-Regular.ttf in Resources */,
				504D3C1D27E017B300C95123 /* Assets.xcassets in Resources */,
				505EAFED280F717C009F596A /* Matter-RegularItalic.ttf in Resources */,
			);
			runOnlyForDeploymentPostprocessing = 0;
		};
		504D3C2327E017B300C95123 /* Resources */ = {
			isa = PBXResourcesBuildPhase;
			buildActionMask = 2147483647;
			files = (
			);
			runOnlyForDeploymentPostprocessing = 0;
		};
/* End PBXResourcesBuildPhase section */

/* Begin PBXSourcesBuildPhase section */
		504D3C1127E017B200C95123 /* Sources */ = {
			isa = PBXSourcesBuildPhase;
			buildActionMask = 2147483647;
			files = (
				5032A6B627FB47610031501D /* RecipeViewModel.swift in Sources */,
				500FDB71280F345100556B8E /* RecipeViewModel+Mode.swift in Sources */,
				50631C0B280868A6007985F1 /* RecipeView+DisplayStep.swift in Sources */,
				50631BF728070F0E007985F1 /* EditStepMode.swift in Sources */,
				502BF6732809A87200C6AA91 /* RecipeView+header.swift in Sources */,
				50E7F3812809F665008CF185 /* Database+shared.swift in Sources */,
				50E7F3702809E1D8008CF185 /* RecipeViewModel+content.swift in Sources */,
				509953202800CC60004AEEAB /* IndexView.swift in Sources */,
				50E7F37B2809EFAF008CF185 /* Recipe+preview.swift in Sources */,
				50CD03E3280D9ECD0001C3CB /* GRDBRecipeRepository.swift in Sources */,
				505EAFF6280F977B009F596A /* Color+.swift in Sources */,
				502BF67C2809AF9700C6AA91 /* RecipeViewModel+header.swift in Sources */,
				502BF6752809A87B00C6AA91 /* RecipeView+content.swift in Sources */,
				508255532811D65800E8B109 /* Recipe+static.swift in Sources */,
				509953222800CC6F004AEEAB /* IndexViewModel.swift in Sources */,
				50E7F3832809F698008CF185 /* Database+preview.swift in Sources */,
				504D3C1927E017B200C95123 /* BreadBuddyApp.swift in Sources */,
				505EAFF4280F7299009F596A /* Font+.swift in Sources */,
				50631C05280851DF007985F1 /* RecipeView.swift in Sources */,
				50E7F3792809EFA9008CF185 /* Recipe+GRDB.swift in Sources */,
				502BF6772809A88600C6AA91 /* RecipeView+footer.swift in Sources */,
				50E7F3852809F6F2008CF185 /* Database+migrator.swift in Sources */,
				5099091428118B4500F8DE45 /* TimelineTestView.swift in Sources */,
				50E020372804B2FF00440979 /* EditStepField.swift in Sources */,
				50CD03E5280D9F340001C3CB /* RecipeRepository.swift in Sources */,
				5095911F280F3C0C00F83121 /* RecipeView+displayContent.swift in Sources */,
				5099531D2800CBFA004AEEAB /* Database.swift in Sources */,
				5095911D280F3B9600F83121 /* RecipeView+editContent.swift in Sources */,
				5032A6C927FC892F0031501D /* NotificationTestView.swift in Sources */,
				502BF67E2809B4D000C6AA91 /* RecipeViewModel+footer.swift in Sources */,
				50631BF9280739A3007985F1 /* RecipeView+EditStep.swift in Sources */,
			);
			runOnlyForDeploymentPostprocessing = 0;
		};
		504D3C2127E017B300C95123 /* Sources */ = {
			isa = PBXSourcesBuildPhase;
			buildActionMask = 2147483647;
			files = (
				504D3C2A27E017B300C95123 /* BreadBuddyTests.swift in Sources */,
			);
			runOnlyForDeploymentPostprocessing = 0;
		};
/* End PBXSourcesBuildPhase section */

/* Begin PBXTargetDependency section */
		504D3C2727E017B300C95123 /* PBXTargetDependency */ = {
			isa = PBXTargetDependency;
			target = 504D3C1427E017B200C95123 /* BreadBuddy */;
			targetProxy = 504D3C2627E017B300C95123 /* PBXContainerItemProxy */;
		};
/* End PBXTargetDependency section */

/* Begin XCBuildConfiguration section */
		504D3C3727E017B300C95123 /* Debug */ = {
			isa = XCBuildConfiguration;
			buildSettings = {
				ALWAYS_SEARCH_USER_PATHS = NO;
				CLANG_ANALYZER_NONNULL = YES;
				CLANG_ANALYZER_NUMBER_OBJECT_CONVERSION = YES_AGGRESSIVE;
				CLANG_CXX_LANGUAGE_STANDARD = "gnu++17";
				CLANG_CXX_LIBRARY = "libc++";
				CLANG_ENABLE_MODULES = YES;
				CLANG_ENABLE_OBJC_ARC = YES;
				CLANG_ENABLE_OBJC_WEAK = YES;
				CLANG_WARN_BLOCK_CAPTURE_AUTORELEASING = YES;
				CLANG_WARN_BOOL_CONVERSION = YES;
				CLANG_WARN_COMMA = YES;
				CLANG_WARN_CONSTANT_CONVERSION = YES;
				CLANG_WARN_DEPRECATED_OBJC_IMPLEMENTATIONS = YES;
				CLANG_WARN_DIRECT_OBJC_ISA_USAGE = YES_ERROR;
				CLANG_WARN_DOCUMENTATION_COMMENTS = YES;
				CLANG_WARN_EMPTY_BODY = YES;
				CLANG_WARN_ENUM_CONVERSION = YES;
				CLANG_WARN_INFINITE_RECURSION = YES;
				CLANG_WARN_INT_CONVERSION = YES;
				CLANG_WARN_NON_LITERAL_NULL_CONVERSION = YES;
				CLANG_WARN_OBJC_IMPLICIT_RETAIN_SELF = YES;
				CLANG_WARN_OBJC_LITERAL_CONVERSION = YES;
				CLANG_WARN_OBJC_ROOT_CLASS = YES_ERROR;
				CLANG_WARN_QUOTED_INCLUDE_IN_FRAMEWORK_HEADER = YES;
				CLANG_WARN_RANGE_LOOP_ANALYSIS = YES;
				CLANG_WARN_STRICT_PROTOTYPES = YES;
				CLANG_WARN_SUSPICIOUS_MOVE = YES;
				CLANG_WARN_UNGUARDED_AVAILABILITY = YES_AGGRESSIVE;
				CLANG_WARN_UNREACHABLE_CODE = YES;
				CLANG_WARN__DUPLICATE_METHOD_MATCH = YES;
				COPY_PHASE_STRIP = NO;
				DEBUG_INFORMATION_FORMAT = dwarf;
				ENABLE_STRICT_OBJC_MSGSEND = YES;
				ENABLE_TESTABILITY = YES;
				GCC_C_LANGUAGE_STANDARD = gnu11;
				GCC_DYNAMIC_NO_PIC = NO;
				GCC_NO_COMMON_BLOCKS = YES;
				GCC_OPTIMIZATION_LEVEL = 0;
				GCC_PREPROCESSOR_DEFINITIONS = (
					"DEBUG=1",
					"$(inherited)",
				);
				GCC_WARN_64_TO_32_BIT_CONVERSION = YES;
				GCC_WARN_ABOUT_RETURN_TYPE = YES_ERROR;
				GCC_WARN_UNDECLARED_SELECTOR = YES;
				GCC_WARN_UNINITIALIZED_AUTOS = YES_AGGRESSIVE;
				GCC_WARN_UNUSED_FUNCTION = YES;
				GCC_WARN_UNUSED_VARIABLE = YES;
				IPHONEOS_DEPLOYMENT_TARGET = 15.0;
				MTL_ENABLE_DEBUG_INFO = INCLUDE_SOURCE;
				MTL_FAST_MATH = YES;
				ONLY_ACTIVE_ARCH = YES;
				SDKROOT = iphoneos;
				SWIFT_ACTIVE_COMPILATION_CONDITIONS = DEBUG;
				SWIFT_OPTIMIZATION_LEVEL = "-Onone";
			};
			name = Debug;
		};
		504D3C3827E017B300C95123 /* Release */ = {
			isa = XCBuildConfiguration;
			buildSettings = {
				ALWAYS_SEARCH_USER_PATHS = NO;
				CLANG_ANALYZER_NONNULL = YES;
				CLANG_ANALYZER_NUMBER_OBJECT_CONVERSION = YES_AGGRESSIVE;
				CLANG_CXX_LANGUAGE_STANDARD = "gnu++17";
				CLANG_CXX_LIBRARY = "libc++";
				CLANG_ENABLE_MODULES = YES;
				CLANG_ENABLE_OBJC_ARC = YES;
				CLANG_ENABLE_OBJC_WEAK = YES;
				CLANG_WARN_BLOCK_CAPTURE_AUTORELEASING = YES;
				CLANG_WARN_BOOL_CONVERSION = YES;
				CLANG_WARN_COMMA = YES;
				CLANG_WARN_CONSTANT_CONVERSION = YES;
				CLANG_WARN_DEPRECATED_OBJC_IMPLEMENTATIONS = YES;
				CLANG_WARN_DIRECT_OBJC_ISA_USAGE = YES_ERROR;
				CLANG_WARN_DOCUMENTATION_COMMENTS = YES;
				CLANG_WARN_EMPTY_BODY = YES;
				CLANG_WARN_ENUM_CONVERSION = YES;
				CLANG_WARN_INFINITE_RECURSION = YES;
				CLANG_WARN_INT_CONVERSION = YES;
				CLANG_WARN_NON_LITERAL_NULL_CONVERSION = YES;
				CLANG_WARN_OBJC_IMPLICIT_RETAIN_SELF = YES;
				CLANG_WARN_OBJC_LITERAL_CONVERSION = YES;
				CLANG_WARN_OBJC_ROOT_CLASS = YES_ERROR;
				CLANG_WARN_QUOTED_INCLUDE_IN_FRAMEWORK_HEADER = YES;
				CLANG_WARN_RANGE_LOOP_ANALYSIS = YES;
				CLANG_WARN_STRICT_PROTOTYPES = YES;
				CLANG_WARN_SUSPICIOUS_MOVE = YES;
				CLANG_WARN_UNGUARDED_AVAILABILITY = YES_AGGRESSIVE;
				CLANG_WARN_UNREACHABLE_CODE = YES;
				CLANG_WARN__DUPLICATE_METHOD_MATCH = YES;
				COPY_PHASE_STRIP = NO;
				DEBUG_INFORMATION_FORMAT = "dwarf-with-dsym";
				ENABLE_NS_ASSERTIONS = NO;
				ENABLE_STRICT_OBJC_MSGSEND = YES;
				GCC_C_LANGUAGE_STANDARD = gnu11;
				GCC_NO_COMMON_BLOCKS = YES;
				GCC_WARN_64_TO_32_BIT_CONVERSION = YES;
				GCC_WARN_ABOUT_RETURN_TYPE = YES_ERROR;
				GCC_WARN_UNDECLARED_SELECTOR = YES;
				GCC_WARN_UNINITIALIZED_AUTOS = YES_AGGRESSIVE;
				GCC_WARN_UNUSED_FUNCTION = YES;
				GCC_WARN_UNUSED_VARIABLE = YES;
				IPHONEOS_DEPLOYMENT_TARGET = 15.0;
				MTL_ENABLE_DEBUG_INFO = NO;
				MTL_FAST_MATH = YES;
				SDKROOT = iphoneos;
				SWIFT_COMPILATION_MODE = wholemodule;
				SWIFT_OPTIMIZATION_LEVEL = "-O";
				VALIDATE_PRODUCT = YES;
			};
			name = Release;
		};
		504D3C3A27E017B300C95123 /* Debug */ = {
			isa = XCBuildConfiguration;
			buildSettings = {
				ASSETCATALOG_COMPILER_APPICON_NAME = AppIcon;
				ASSETCATALOG_COMPILER_GLOBAL_ACCENT_COLOR_NAME = AccentColor;
				CODE_SIGN_STYLE = Automatic;
				CURRENT_PROJECT_VERSION = 1;
				DEVELOPMENT_ASSET_PATHS = "\"BreadBuddy/App/Assets\"";
				DEVELOPMENT_TEAM = 65UTX76JJY;
				ENABLE_PREVIEWS = YES;
				GENERATE_INFOPLIST_FILE = YES;
				INFOPLIST_FILE = BreadBuddy/App/Config/Info.plist;
				INFOPLIST_KEY_UIApplicationSceneManifest_Generation = YES;
				INFOPLIST_KEY_UIApplicationSupportsIndirectInputEvents = YES;
				INFOPLIST_KEY_UILaunchScreen_Generation = YES;
				INFOPLIST_KEY_UISupportedInterfaceOrientations = UIInterfaceOrientationPortrait;
				INFOPLIST_KEY_UISupportedInterfaceOrientations_iPad = "UIInterfaceOrientationPortrait UIInterfaceOrientationPortraitUpsideDown UIInterfaceOrientationLandscapeLeft UIInterfaceOrientationLandscapeRight";
				INFOPLIST_KEY_UISupportedInterfaceOrientations_iPhone = "UIInterfaceOrientationPortrait UIInterfaceOrientationLandscapeLeft UIInterfaceOrientationLandscapeRight";
				IPHONEOS_DEPLOYMENT_TARGET = 15.0;
				LD_RUNPATH_SEARCH_PATHS = (
					"$(inherited)",
					"@executable_path/Frameworks",
				);
				MARKETING_VERSION = 1.0;
				PRODUCT_BUNDLE_IDENTIFIER = ltd.bracket.dev.BreadBuddy;
				PRODUCT_NAME = "$(TARGET_NAME)";
				SWIFT_EMIT_LOC_STRINGS = YES;
				SWIFT_VERSION = 5.0;
				TARGETED_DEVICE_FAMILY = 1;
			};
			name = Debug;
		};
		504D3C3B27E017B300C95123 /* Release */ = {
			isa = XCBuildConfiguration;
			buildSettings = {
				ASSETCATALOG_COMPILER_APPICON_NAME = AppIcon;
				ASSETCATALOG_COMPILER_GLOBAL_ACCENT_COLOR_NAME = AccentColor;
				CODE_SIGN_STYLE = Automatic;
				CURRENT_PROJECT_VERSION = 1;
				DEVELOPMENT_ASSET_PATHS = "\"BreadBuddy/App/Assets\"";
				DEVELOPMENT_TEAM = 65UTX76JJY;
				ENABLE_PREVIEWS = YES;
				GENERATE_INFOPLIST_FILE = YES;
				INFOPLIST_FILE = BreadBuddy/App/Config/Info.plist;
				INFOPLIST_KEY_UIApplicationSceneManifest_Generation = YES;
				INFOPLIST_KEY_UIApplicationSupportsIndirectInputEvents = YES;
				INFOPLIST_KEY_UILaunchScreen_Generation = YES;
				INFOPLIST_KEY_UISupportedInterfaceOrientations = UIInterfaceOrientationPortrait;
				INFOPLIST_KEY_UISupportedInterfaceOrientations_iPad = "UIInterfaceOrientationPortrait UIInterfaceOrientationPortraitUpsideDown UIInterfaceOrientationLandscapeLeft UIInterfaceOrientationLandscapeRight";
				INFOPLIST_KEY_UISupportedInterfaceOrientations_iPhone = "UIInterfaceOrientationPortrait UIInterfaceOrientationLandscapeLeft UIInterfaceOrientationLandscapeRight";
				IPHONEOS_DEPLOYMENT_TARGET = 15.0;
				LD_RUNPATH_SEARCH_PATHS = (
					"$(inherited)",
					"@executable_path/Frameworks",
				);
				MARKETING_VERSION = 1.0;
				PRODUCT_BUNDLE_IDENTIFIER = ltd.bracket.dev.BreadBuddy;
				PRODUCT_NAME = "$(TARGET_NAME)";
				SWIFT_EMIT_LOC_STRINGS = YES;
				SWIFT_VERSION = 5.0;
				TARGETED_DEVICE_FAMILY = 1;
			};
			name = Release;
		};
		504D3C3D27E017B300C95123 /* Debug */ = {
			isa = XCBuildConfiguration;
			buildSettings = {
				ALWAYS_EMBED_SWIFT_STANDARD_LIBRARIES = YES;
				BUNDLE_LOADER = "$(TEST_HOST)";
				CODE_SIGN_STYLE = Automatic;
				CURRENT_PROJECT_VERSION = 1;
				DEVELOPMENT_TEAM = 65UTX76JJY;
				GENERATE_INFOPLIST_FILE = YES;
				IPHONEOS_DEPLOYMENT_TARGET = 15.2;
				MARKETING_VERSION = 1.0;
				PRODUCT_BUNDLE_IDENTIFIER = ltd.bracket.dev.BreadBuddyTests;
				PRODUCT_NAME = "$(TARGET_NAME)";
				SWIFT_EMIT_LOC_STRINGS = NO;
				SWIFT_VERSION = 5.0;
				TARGETED_DEVICE_FAMILY = "1,2";
				TEST_HOST = "$(BUILT_PRODUCTS_DIR)/BreadBuddy.app/BreadBuddy";
			};
			name = Debug;
		};
		504D3C3E27E017B300C95123 /* Release */ = {
			isa = XCBuildConfiguration;
			buildSettings = {
				ALWAYS_EMBED_SWIFT_STANDARD_LIBRARIES = YES;
				BUNDLE_LOADER = "$(TEST_HOST)";
				CODE_SIGN_STYLE = Automatic;
				CURRENT_PROJECT_VERSION = 1;
				DEVELOPMENT_TEAM = 65UTX76JJY;
				GENERATE_INFOPLIST_FILE = YES;
				IPHONEOS_DEPLOYMENT_TARGET = 15.2;
				MARKETING_VERSION = 1.0;
				PRODUCT_BUNDLE_IDENTIFIER = ltd.bracket.dev.BreadBuddyTests;
				PRODUCT_NAME = "$(TARGET_NAME)";
				SWIFT_EMIT_LOC_STRINGS = NO;
				SWIFT_VERSION = 5.0;
				TARGETED_DEVICE_FAMILY = "1,2";
				TEST_HOST = "$(BUILT_PRODUCTS_DIR)/BreadBuddy.app/BreadBuddy";
			};
			name = Release;
		};
/* End XCBuildConfiguration section */

/* Begin XCConfigurationList section */
		504D3C1027E017B200C95123 /* Build configuration list for PBXProject "BreadBuddy" */ = {
			isa = XCConfigurationList;
			buildConfigurations = (
				504D3C3727E017B300C95123 /* Debug */,
				504D3C3827E017B300C95123 /* Release */,
			);
			defaultConfigurationIsVisible = 0;
			defaultConfigurationName = Release;
		};
		504D3C3927E017B300C95123 /* Build configuration list for PBXNativeTarget "BreadBuddy" */ = {
			isa = XCConfigurationList;
			buildConfigurations = (
				504D3C3A27E017B300C95123 /* Debug */,
				504D3C3B27E017B300C95123 /* Release */,
			);
			defaultConfigurationIsVisible = 0;
			defaultConfigurationName = Release;
		};
		504D3C3C27E017B300C95123 /* Build configuration list for PBXNativeTarget "BreadBuddyTests" */ = {
			isa = XCConfigurationList;
			buildConfigurations = (
				504D3C3D27E017B300C95123 /* Debug */,
				504D3C3E27E017B300C95123 /* Release */,
			);
			defaultConfigurationIsVisible = 0;
			defaultConfigurationName = Release;
		};
/* End XCConfigurationList section */

/* Begin XCRemoteSwiftPackageReference section */
		509953172800CB09004AEEAB /* XCRemoteSwiftPackageReference "GRDB.swift" */ = {
			isa = XCRemoteSwiftPackageReference;
			repositoryURL = "https://github.com/groue/GRDB.swift.git";
			requirement = {
				branch = master;
				kind = branch;
			};
		};
/* End XCRemoteSwiftPackageReference section */

/* Begin XCSwiftPackageProductDependency section */
		502042BA280F2617009074BC /* CustomUI */ = {
			isa = XCSwiftPackageProductDependency;
			productName = CustomUI;
		};
		504E6E92280F300E00B5EE21 /* Core */ = {
			isa = XCSwiftPackageProductDependency;
			productName = Core;
		};
		509953182800CB09004AEEAB /* GRDB */ = {
			isa = XCSwiftPackageProductDependency;
			package = 509953172800CB09004AEEAB /* XCRemoteSwiftPackageReference "GRDB.swift" */;
			productName = GRDB;
		};
/* End XCSwiftPackageProductDependency section */
	};
	rootObject = 504D3C0D27E017B200C95123 /* Project object */;
}
