// !$*UTF8*$!
{
	archiveVersion = 1;
	classes = {
	};
	objectVersion = 55;
	objects = {

/* Begin PBXBuildFile section */
		5023C0F62805EBA50000316A /* SkeleText.swift in Sources */ = {isa = PBXBuildFile; fileRef = 5023C0F52805EBA50000316A /* SkeleText.swift */; };
		5032A6B627FB47610031501D /* RecipeViewModel.swift in Sources */ = {isa = PBXBuildFile; fileRef = 5032A6B527FB47610031501D /* RecipeViewModel.swift */; };
		5032A6B827FB57D40031501D /* DatePickerField.swift in Sources */ = {isa = PBXBuildFile; fileRef = 5032A6B727FB57D40031501D /* DatePickerField.swift */; };
		5032A6BB27FB69500031501D /* Date+string.swift in Sources */ = {isa = PBXBuildFile; fileRef = 5032A6BA27FB69500031501D /* Date+string.swift */; };
		5032A6BD27FB699B0031501D /* TimeUnit.swift in Sources */ = {isa = PBXBuildFile; fileRef = 5032A6BC27FB699B0031501D /* TimeUnit.swift */; };
		5032A6BF27FC78520031501D /* View+dismissKeyboard.swift in Sources */ = {isa = PBXBuildFile; fileRef = 5032A6BE27FC78520031501D /* View+dismissKeyboard.swift */; };
		5032A6C127FC786E0031501D /* UIApplication+sendResignAction.swift in Sources */ = {isa = PBXBuildFile; fileRef = 5032A6C027FC786E0031501D /* UIApplication+sendResignAction.swift */; };
		5032A6C327FC81360031501D /* View+if.swift in Sources */ = {isa = PBXBuildFile; fileRef = 5032A6C227FC81360031501D /* View+if.swift */; };
		5032A6C527FC83280031501D /* Date+withAdded.swift in Sources */ = {isa = PBXBuildFile; fileRef = 5032A6C427FC83280031501D /* Date+withAdded.swift */; };
		5032A6C727FC833D0031501D /* Date+next.swift in Sources */ = {isa = PBXBuildFile; fileRef = 5032A6C627FC833D0031501D /* Date+next.swift */; };
		5032A6C927FC892F0031501D /* NotificationTestView.swift in Sources */ = {isa = PBXBuildFile; fileRef = 5032A6C827FC892F0031501D /* NotificationTestView.swift */; };
		5032A6CD27FCCB9B0031501D /* Formatter+number.swift in Sources */ = {isa = PBXBuildFile; fileRef = 5032A6CC27FCCB9B0031501D /* Formatter+number.swift */; };
		5036A2C827FDF46700BEE804 /* View+dynamicBorder.swift in Sources */ = {isa = PBXBuildFile; fileRef = 5036A2C727FDF46700BEE804 /* View+dynamicBorder.swift */; };
		5036A2CE27FDFFD200BEE804 /* Recipe.swift in Sources */ = {isa = PBXBuildFile; fileRef = 5036A2CD27FDFFD200BEE804 /* Recipe.swift */; };
		504D3C1927E017B200C95123 /* BreadBuddyApp.swift in Sources */ = {isa = PBXBuildFile; fileRef = 504D3C1827E017B200C95123 /* BreadBuddyApp.swift */; };
		504D3C1B27E017B200C95123 /* RecipeView.swift in Sources */ = {isa = PBXBuildFile; fileRef = 504D3C1A27E017B200C95123 /* RecipeView.swift */; };
		504D3C1D27E017B300C95123 /* Assets.xcassets in Resources */ = {isa = PBXBuildFile; fileRef = 504D3C1C27E017B300C95123 /* Assets.xcassets */; };
		504D3C2027E017B300C95123 /* Preview.xcassets in Resources */ = {isa = PBXBuildFile; fileRef = 504D3C1F27E017B300C95123 /* Preview.xcassets */; };
		504D3C2A27E017B300C95123 /* BreadBuddyTests.swift in Sources */ = {isa = PBXBuildFile; fileRef = 504D3C2927E017B300C95123 /* BreadBuddyTests.swift */; };
		50631BF728070F0E007985F1 /* StepMode.swift in Sources */ = {isa = PBXBuildFile; fileRef = 50631BF628070F0D007985F1 /* StepMode.swift */; };
		509953192800CB09004AEEAB /* GRDB in Frameworks */ = {isa = PBXBuildFile; productRef = 509953182800CB09004AEEAB /* GRDB */; };
		5099531D2800CBFA004AEEAB /* Database.swift in Sources */ = {isa = PBXBuildFile; fileRef = 5099531C2800CBFA004AEEAB /* Database.swift */; };
		509953202800CC60004AEEAB /* HomeView.swift in Sources */ = {isa = PBXBuildFile; fileRef = 5099531F2800CC60004AEEAB /* HomeView.swift */; };
		509953222800CC6F004AEEAB /* HomeView+ViewModel.swift in Sources */ = {isa = PBXBuildFile; fileRef = 509953212800CC6F004AEEAB /* HomeView+ViewModel.swift */; };
		50DCF1DD27F781CF00D0A369 /* InnerStepRow.swift in Sources */ = {isa = PBXBuildFile; fileRef = 50DCF1DC27F781CF00D0A369 /* InnerStepRow.swift */; };
		50DCF1E127FB345C00D0A369 /* Step.swift in Sources */ = {isa = PBXBuildFile; fileRef = 50DCF1E027FB345C00D0A369 /* Step.swift */; };
		50E020372804B2FF00440979 /* StepField.swift in Sources */ = {isa = PBXBuildFile; fileRef = 50E020362804B2FF00440979 /* StepField.swift */; };
/* End PBXBuildFile section */

/* Begin PBXContainerItemProxy section */
		504D3C2627E017B300C95123 /* PBXContainerItemProxy */ = {
			isa = PBXContainerItemProxy;
			containerPortal = 504D3C0D27E017B200C95123 /* Project object */;
			proxyType = 1;
			remoteGlobalIDString = 504D3C1427E017B200C95123;
			remoteInfo = BreadBuddy;
		};
/* End PBXContainerItemProxy section */

/* Begin PBXFileReference section */
		5023C0F52805EBA50000316A /* SkeleText.swift */ = {isa = PBXFileReference; lastKnownFileType = sourcecode.swift; path = SkeleText.swift; sourceTree = "<group>"; };
		5032A6B527FB47610031501D /* RecipeViewModel.swift */ = {isa = PBXFileReference; lastKnownFileType = sourcecode.swift; path = RecipeViewModel.swift; sourceTree = "<group>"; };
		5032A6B727FB57D40031501D /* DatePickerField.swift */ = {isa = PBXFileReference; lastKnownFileType = sourcecode.swift; path = DatePickerField.swift; sourceTree = "<group>"; };
		5032A6BA27FB69500031501D /* Date+string.swift */ = {isa = PBXFileReference; lastKnownFileType = sourcecode.swift; path = "Date+string.swift"; sourceTree = "<group>"; };
		5032A6BC27FB699B0031501D /* TimeUnit.swift */ = {isa = PBXFileReference; lastKnownFileType = sourcecode.swift; path = TimeUnit.swift; sourceTree = "<group>"; };
		5032A6BE27FC78520031501D /* View+dismissKeyboard.swift */ = {isa = PBXFileReference; lastKnownFileType = sourcecode.swift; path = "View+dismissKeyboard.swift"; sourceTree = "<group>"; };
		5032A6C027FC786E0031501D /* UIApplication+sendResignAction.swift */ = {isa = PBXFileReference; lastKnownFileType = sourcecode.swift; path = "UIApplication+sendResignAction.swift"; sourceTree = "<group>"; };
		5032A6C227FC81360031501D /* View+if.swift */ = {isa = PBXFileReference; lastKnownFileType = sourcecode.swift; path = "View+if.swift"; sourceTree = "<group>"; };
		5032A6C427FC83280031501D /* Date+withAdded.swift */ = {isa = PBXFileReference; lastKnownFileType = sourcecode.swift; path = "Date+withAdded.swift"; sourceTree = "<group>"; };
		5032A6C627FC833D0031501D /* Date+next.swift */ = {isa = PBXFileReference; lastKnownFileType = sourcecode.swift; path = "Date+next.swift"; sourceTree = "<group>"; };
		5032A6C827FC892F0031501D /* NotificationTestView.swift */ = {isa = PBXFileReference; lastKnownFileType = sourcecode.swift; path = NotificationTestView.swift; sourceTree = "<group>"; };
		5032A6CC27FCCB9B0031501D /* Formatter+number.swift */ = {isa = PBXFileReference; lastKnownFileType = sourcecode.swift; path = "Formatter+number.swift"; sourceTree = "<group>"; };
		5036A2C727FDF46700BEE804 /* View+dynamicBorder.swift */ = {isa = PBXFileReference; lastKnownFileType = sourcecode.swift; path = "View+dynamicBorder.swift"; sourceTree = "<group>"; };
		5036A2CD27FDFFD200BEE804 /* Recipe.swift */ = {isa = PBXFileReference; lastKnownFileType = sourcecode.swift; path = Recipe.swift; sourceTree = "<group>"; };
		504D3C1527E017B200C95123 /* BreadBuddy.app */ = {isa = PBXFileReference; explicitFileType = wrapper.application; includeInIndex = 0; path = BreadBuddy.app; sourceTree = BUILT_PRODUCTS_DIR; };
		504D3C1827E017B200C95123 /* BreadBuddyApp.swift */ = {isa = PBXFileReference; lastKnownFileType = sourcecode.swift; path = BreadBuddyApp.swift; sourceTree = "<group>"; };
		504D3C1A27E017B200C95123 /* RecipeView.swift */ = {isa = PBXFileReference; lastKnownFileType = sourcecode.swift; path = RecipeView.swift; sourceTree = "<group>"; };
		504D3C1C27E017B300C95123 /* Assets.xcassets */ = {isa = PBXFileReference; lastKnownFileType = folder.assetcatalog; path = Assets.xcassets; sourceTree = "<group>"; };
		504D3C1F27E017B300C95123 /* Preview.xcassets */ = {isa = PBXFileReference; lastKnownFileType = folder.assetcatalog; path = Preview.xcassets; sourceTree = "<group>"; };
		504D3C2527E017B300C95123 /* BreadBuddyTests.xctest */ = {isa = PBXFileReference; explicitFileType = wrapper.cfbundle; includeInIndex = 0; path = BreadBuddyTests.xctest; sourceTree = BUILT_PRODUCTS_DIR; };
		504D3C2927E017B300C95123 /* BreadBuddyTests.swift */ = {isa = PBXFileReference; lastKnownFileType = sourcecode.swift; path = BreadBuddyTests.swift; sourceTree = "<group>"; };
		50631BF628070F0D007985F1 /* StepMode.swift */ = {isa = PBXFileReference; lastKnownFileType = sourcecode.swift; path = StepMode.swift; sourceTree = "<group>"; };
		5099531C2800CBFA004AEEAB /* Database.swift */ = {isa = PBXFileReference; lastKnownFileType = sourcecode.swift; path = Database.swift; sourceTree = "<group>"; };
		5099531F2800CC60004AEEAB /* HomeView.swift */ = {isa = PBXFileReference; lastKnownFileType = sourcecode.swift; path = HomeView.swift; sourceTree = "<group>"; };
		509953212800CC6F004AEEAB /* HomeView+ViewModel.swift */ = {isa = PBXFileReference; lastKnownFileType = sourcecode.swift; path = "HomeView+ViewModel.swift"; sourceTree = "<group>"; };
		50DCF1DC27F781CF00D0A369 /* InnerStepRow.swift */ = {isa = PBXFileReference; lastKnownFileType = sourcecode.swift; path = InnerStepRow.swift; sourceTree = "<group>"; };
		50DCF1E027FB345C00D0A369 /* Step.swift */ = {isa = PBXFileReference; lastKnownFileType = sourcecode.swift; path = Step.swift; sourceTree = "<group>"; };
		50E020362804B2FF00440979 /* StepField.swift */ = {isa = PBXFileReference; lastKnownFileType = sourcecode.swift; path = StepField.swift; sourceTree = "<group>"; };
/* End PBXFileReference section */

/* Begin PBXFrameworksBuildPhase section */
		504D3C1227E017B200C95123 /* Frameworks */ = {
			isa = PBXFrameworksBuildPhase;
			buildActionMask = 2147483647;
			files = (
				509953192800CB09004AEEAB /* GRDB in Frameworks */,
			);
			runOnlyForDeploymentPostprocessing = 0;
		};
		504D3C2227E017B300C95123 /* Frameworks */ = {
			isa = PBXFrameworksBuildPhase;
			buildActionMask = 2147483647;
			files = (
			);
			runOnlyForDeploymentPostprocessing = 0;
		};
/* End PBXFrameworksBuildPhase section */

/* Begin PBXGroup section */
		501E92FD2805C50600F120EA /* Views */ = {
			isa = PBXGroup;
			children = (
				5099531E2800CC44004AEEAB /* Home */,
				50B6A4C927FDD63600A1F834 /* Recipe */,
			);
			path = Views;
			sourceTree = "<group>";
		};
		5032A6B927FB58180031501D /* Extensions */ = {
			isa = PBXGroup;
			children = (
				5032A6C627FC833D0031501D /* Date+next.swift */,
				5032A6BA27FB69500031501D /* Date+string.swift */,
				5032A6C427FC83280031501D /* Date+withAdded.swift */,
				5032A6CC27FCCB9B0031501D /* Formatter+number.swift */,
				5032A6C027FC786E0031501D /* UIApplication+sendResignAction.swift */,
				5032A6BE27FC78520031501D /* View+dismissKeyboard.swift */,
				5032A6C227FC81360031501D /* View+if.swift */,
			);
			path = Extensions;
			sourceTree = "<group>";
		};
		504D3C0C27E017B200C95123 = {
			isa = PBXGroup;
			children = (
				504D3C1727E017B200C95123 /* BreadBuddy */,
				504D3C2827E017B300C95123 /* BreadBuddyTests */,
				504D3C1627E017B200C95123 /* Products */,
			);
			sourceTree = "<group>";
		};
		504D3C1627E017B200C95123 /* Products */ = {
			isa = PBXGroup;
			children = (
				504D3C1527E017B200C95123 /* BreadBuddy.app */,
				504D3C2527E017B300C95123 /* BreadBuddyTests.xctest */,
			);
			name = Products;
			sourceTree = "<group>";
		};
		504D3C1727E017B200C95123 /* BreadBuddy */ = {
			isa = PBXGroup;
			children = (
				50DCF1D827F7774300D0A369 /* App */,
				5099531B2800CBE6004AEEAB /* Database */,
				50DCF1DF27FB344C00D0A369 /* Models */,
				50DCF1D927F7774E00D0A369 /* UI */,
				5032A6B927FB58180031501D /* Extensions */,
			);
			path = BreadBuddy;
			sourceTree = "<group>";
		};
		504D3C2827E017B300C95123 /* BreadBuddyTests */ = {
			isa = PBXGroup;
			children = (
				504D3C2927E017B300C95123 /* BreadBuddyTests.swift */,
			);
			path = BreadBuddyTests;
			sourceTree = "<group>";
		};
		5099531A2800CBB9004AEEAB /* Experiments */ = {
			isa = PBXGroup;
			children = (
				5032A6C827FC892F0031501D /* NotificationTestView.swift */,
			);
			path = Experiments;
			sourceTree = "<group>";
		};
		5099531B2800CBE6004AEEAB /* Database */ = {
			isa = PBXGroup;
			children = (
				5099531C2800CBFA004AEEAB /* Database.swift */,
			);
			path = Database;
			sourceTree = "<group>";
		};
		5099531E2800CC44004AEEAB /* Home */ = {
			isa = PBXGroup;
			children = (
				5099531F2800CC60004AEEAB /* HomeView.swift */,
				509953212800CC6F004AEEAB /* HomeView+ViewModel.swift */,
			);
			path = Home;
			sourceTree = "<group>";
		};
		50B6A4C927FDD63600A1F834 /* Recipe */ = {
			isa = PBXGroup;
			children = (
				50E020332804B18E00440979 /* Step */,
				504D3C1A27E017B200C95123 /* RecipeView.swift */,
				5032A6B527FB47610031501D /* RecipeViewModel.swift */,
			);
			path = Recipe;
			sourceTree = "<group>";
		};
		50DCF1D827F7774300D0A369 /* App */ = {
			isa = PBXGroup;
			children = (
				50DCF1DB27F7778A00D0A369 /* @main */,
				50DCF1DA27F7777F00D0A369 /* Assets */,
			);
			path = App;
			sourceTree = "<group>";
		};
		50DCF1D927F7774E00D0A369 /* UI */ = {
			isa = PBXGroup;
			children = (
				50DCF1DE27FB341000D0A369 /* Components */,
				501E92FD2805C50600F120EA /* Views */,
				5099531A2800CBB9004AEEAB /* Experiments */,
			);
			path = UI;
			sourceTree = "<group>";
		};
		50DCF1DA27F7777F00D0A369 /* Assets */ = {
			isa = PBXGroup;
			children = (
				504D3C1C27E017B300C95123 /* Assets.xcassets */,
				504D3C1F27E017B300C95123 /* Preview.xcassets */,
			);
			path = Assets;
			sourceTree = "<group>";
		};
		50DCF1DB27F7778A00D0A369 /* @main */ = {
			isa = PBXGroup;
			children = (
				504D3C1827E017B200C95123 /* BreadBuddyApp.swift */,
			);
			path = "@main";
			sourceTree = "<group>";
		};
		50DCF1DE27FB341000D0A369 /* Components */ = {
			isa = PBXGroup;
			children = (
				5032A6B727FB57D40031501D /* DatePickerField.swift */,
				5023C0F52805EBA50000316A /* SkeleText.swift */,
				5036A2C727FDF46700BEE804 /* View+dynamicBorder.swift */,
			);
			path = Components;
			sourceTree = "<group>";
		};
		50DCF1DF27FB344C00D0A369 /* Models */ = {
			isa = PBXGroup;
			children = (
				5036A2CD27FDFFD200BEE804 /* Recipe.swift */,
				50DCF1E027FB345C00D0A369 /* Step.swift */,
				5032A6BC27FB699B0031501D /* TimeUnit.swift */,
			);
			path = Models;
			sourceTree = "<group>";
		};
		50E020332804B18E00440979 /* Step */ = {
			isa = PBXGroup;
			children = (
				50631BF628070F0D007985F1 /* StepMode.swift */,
				50E020362804B2FF00440979 /* StepField.swift */,
				50DCF1DC27F781CF00D0A369 /* InnerStepRow.swift */,
			);
			path = Step;
			sourceTree = "<group>";
		};
/* End PBXGroup section */

/* Begin PBXNativeTarget section */
		504D3C1427E017B200C95123 /* BreadBuddy */ = {
			isa = PBXNativeTarget;
			buildConfigurationList = 504D3C3927E017B300C95123 /* Build configuration list for PBXNativeTarget "BreadBuddy" */;
			buildPhases = (
				504D3C1127E017B200C95123 /* Sources */,
				504D3C1227E017B200C95123 /* Frameworks */,
				504D3C1327E017B200C95123 /* Resources */,
			);
			buildRules = (
			);
			dependencies = (
			);
			name = BreadBuddy;
			packageProductDependencies = (
				509953182800CB09004AEEAB /* GRDB */,
			);
			productName = BreadBuddy;
			productReference = 504D3C1527E017B200C95123 /* BreadBuddy.app */;
			productType = "com.apple.product-type.application";
		};
		504D3C2427E017B300C95123 /* BreadBuddyTests */ = {
			isa = PBXNativeTarget;
			buildConfigurationList = 504D3C3C27E017B300C95123 /* Build configuration list for PBXNativeTarget "BreadBuddyTests" */;
			buildPhases = (
				504D3C2127E017B300C95123 /* Sources */,
				504D3C2227E017B300C95123 /* Frameworks */,
				504D3C2327E017B300C95123 /* Resources */,
			);
			buildRules = (
			);
			dependencies = (
				504D3C2727E017B300C95123 /* PBXTargetDependency */,
			);
			name = BreadBuddyTests;
			productName = BreadBuddyTests;
			productReference = 504D3C2527E017B300C95123 /* BreadBuddyTests.xctest */;
			productType = "com.apple.product-type.bundle.unit-test";
		};
/* End PBXNativeTarget section */

/* Begin PBXProject section */
		504D3C0D27E017B200C95123 /* Project object */ = {
			isa = PBXProject;
			attributes = {
				BuildIndependentTargetsInParallel = 1;
				LastSwiftUpdateCheck = 1320;
				LastUpgradeCheck = 1320;
				TargetAttributes = {
					504D3C1427E017B200C95123 = {
						CreatedOnToolsVersion = 13.2.1;
					};
					504D3C2427E017B300C95123 = {
						CreatedOnToolsVersion = 13.2.1;
						TestTargetID = 504D3C1427E017B200C95123;
					};
				};
			};
			buildConfigurationList = 504D3C1027E017B200C95123 /* Build configuration list for PBXProject "BreadBuddy" */;
			compatibilityVersion = "Xcode 13.0";
			developmentRegion = en;
			hasScannedForEncodings = 0;
			knownRegions = (
				en,
				Base,
			);
			mainGroup = 504D3C0C27E017B200C95123;
			packageReferences = (
				509953172800CB09004AEEAB /* XCRemoteSwiftPackageReference "GRDB.swift" */,
			);
			productRefGroup = 504D3C1627E017B200C95123 /* Products */;
			projectDirPath = "";
			projectRoot = "";
			targets = (
				504D3C1427E017B200C95123 /* BreadBuddy */,
				504D3C2427E017B300C95123 /* BreadBuddyTests */,
			);
		};
/* End PBXProject section */

/* Begin PBXResourcesBuildPhase section */
		504D3C1327E017B200C95123 /* Resources */ = {
			isa = PBXResourcesBuildPhase;
			buildActionMask = 2147483647;
			files = (
				504D3C2027E017B300C95123 /* Preview.xcassets in Resources */,
				504D3C1D27E017B300C95123 /* Assets.xcassets in Resources */,
			);
			runOnlyForDeploymentPostprocessing = 0;
		};
		504D3C2327E017B300C95123 /* Resources */ = {
			isa = PBXResourcesBuildPhase;
			buildActionMask = 2147483647;
			files = (
			);
			runOnlyForDeploymentPostprocessing = 0;
		};
/* End PBXResourcesBuildPhase section */

/* Begin PBXSourcesBuildPhase section */
		504D3C1127E017B200C95123 /* Sources */ = {
			isa = PBXSourcesBuildPhase;
			buildActionMask = 2147483647;
			files = (
				5032A6B627FB47610031501D /* RecipeViewModel.swift in Sources */,
				5032A6B827FB57D40031501D /* DatePickerField.swift in Sources */,
				50631BF728070F0E007985F1 /* StepMode.swift in Sources */,
				509953202800CC60004AEEAB /* HomeView.swift in Sources */,
				50DCF1DD27F781CF00D0A369 /* InnerStepRow.swift in Sources */,
				504D3C1B27E017B200C95123 /* RecipeView.swift in Sources */,
				50DCF1E127FB345C00D0A369 /* Step.swift in Sources */,
				5032A6C327FC81360031501D /* View+if.swift in Sources */,
				5032A6C727FC833D0031501D /* Date+next.swift in Sources */,
				5032A6CD27FCCB9B0031501D /* Formatter+number.swift in Sources */,
				5032A6C527FC83280031501D /* Date+withAdded.swift in Sources */,
				5032A6C127FC786E0031501D /* UIApplication+sendResignAction.swift in Sources */,
				5032A6BF27FC78520031501D /* View+dismissKeyboard.swift in Sources */,
				5032A6BD27FB699B0031501D /* TimeUnit.swift in Sources */,
				509953222800CC6F004AEEAB /* HomeView+ViewModel.swift in Sources */,
				5036A2C827FDF46700BEE804 /* View+dynamicBorder.swift in Sources */,
				504D3C1927E017B200C95123 /* BreadBuddyApp.swift in Sources */,
				50E020372804B2FF00440979 /* StepField.swift in Sources */,
				5023C0F62805EBA50000316A /* SkeleText.swift in Sources */,
				5036A2CE27FDFFD200BEE804 /* Recipe.swift in Sources */,
				5032A6BB27FB69500031501D /* Date+string.swift in Sources */,
				5099531D2800CBFA004AEEAB /* Database.swift in Sources */,
				5032A6C927FC892F0031501D /* NotificationTestView.swift in Sources */,
			);
			runOnlyForDeploymentPostprocessing = 0;
		};
		504D3C2127E017B300C95123 /* Sources */ = {
			isa = PBXSourcesBuildPhase;
			buildActionMask = 2147483647;
			files = (
				504D3C2A27E017B300C95123 /* BreadBuddyTests.swift in Sources */,
			);
			runOnlyForDeploymentPostprocessing = 0;
		};
/* End PBXSourcesBuildPhase section */

/* Begin PBXTargetDependency section */
		504D3C2727E017B300C95123 /* PBXTargetDependency */ = {
			isa = PBXTargetDependency;
			target = 504D3C1427E017B200C95123 /* BreadBuddy */;
			targetProxy = 504D3C2627E017B300C95123 /* PBXContainerItemProxy */;
		};
/* End PBXTargetDependency section */

/* Begin XCBuildConfiguration section */
		504D3C3727E017B300C95123 /* Debug */ = {
			isa = XCBuildConfiguration;
			buildSettings = {
				ALWAYS_SEARCH_USER_PATHS = NO;
				CLANG_ANALYZER_NONNULL = YES;
				CLANG_ANALYZER_NUMBER_OBJECT_CONVERSION = YES_AGGRESSIVE;
				CLANG_CXX_LANGUAGE_STANDARD = "gnu++17";
				CLANG_CXX_LIBRARY = "libc++";
				CLANG_ENABLE_MODULES = YES;
				CLANG_ENABLE_OBJC_ARC = YES;
				CLANG_ENABLE_OBJC_WEAK = YES;
				CLANG_WARN_BLOCK_CAPTURE_AUTORELEASING = YES;
				CLANG_WARN_BOOL_CONVERSION = YES;
				CLANG_WARN_COMMA = YES;
				CLANG_WARN_CONSTANT_CONVERSION = YES;
				CLANG_WARN_DEPRECATED_OBJC_IMPLEMENTATIONS = YES;
				CLANG_WARN_DIRECT_OBJC_ISA_USAGE = YES_ERROR;
				CLANG_WARN_DOCUMENTATION_COMMENTS = YES;
				CLANG_WARN_EMPTY_BODY = YES;
				CLANG_WARN_ENUM_CONVERSION = YES;
				CLANG_WARN_INFINITE_RECURSION = YES;
				CLANG_WARN_INT_CONVERSION = YES;
				CLANG_WARN_NON_LITERAL_NULL_CONVERSION = YES;
				CLANG_WARN_OBJC_IMPLICIT_RETAIN_SELF = YES;
				CLANG_WARN_OBJC_LITERAL_CONVERSION = YES;
				CLANG_WARN_OBJC_ROOT_CLASS = YES_ERROR;
				CLANG_WARN_QUOTED_INCLUDE_IN_FRAMEWORK_HEADER = YES;
				CLANG_WARN_RANGE_LOOP_ANALYSIS = YES;
				CLANG_WARN_STRICT_PROTOTYPES = YES;
				CLANG_WARN_SUSPICIOUS_MOVE = YES;
				CLANG_WARN_UNGUARDED_AVAILABILITY = YES_AGGRESSIVE;
				CLANG_WARN_UNREACHABLE_CODE = YES;
				CLANG_WARN__DUPLICATE_METHOD_MATCH = YES;
				COPY_PHASE_STRIP = NO;
				DEBUG_INFORMATION_FORMAT = dwarf;
				ENABLE_STRICT_OBJC_MSGSEND = YES;
				ENABLE_TESTABILITY = YES;
				GCC_C_LANGUAGE_STANDARD = gnu11;
				GCC_DYNAMIC_NO_PIC = NO;
				GCC_NO_COMMON_BLOCKS = YES;
				GCC_OPTIMIZATION_LEVEL = 0;
				GCC_PREPROCESSOR_DEFINITIONS = (
					"DEBUG=1",
					"$(inherited)",
				);
				GCC_WARN_64_TO_32_BIT_CONVERSION = YES;
				GCC_WARN_ABOUT_RETURN_TYPE = YES_ERROR;
				GCC_WARN_UNDECLARED_SELECTOR = YES;
				GCC_WARN_UNINITIALIZED_AUTOS = YES_AGGRESSIVE;
				GCC_WARN_UNUSED_FUNCTION = YES;
				GCC_WARN_UNUSED_VARIABLE = YES;
				IPHONEOS_DEPLOYMENT_TARGET = 15.0;
				MTL_ENABLE_DEBUG_INFO = INCLUDE_SOURCE;
				MTL_FAST_MATH = YES;
				ONLY_ACTIVE_ARCH = YES;
				SDKROOT = iphoneos;
				SWIFT_ACTIVE_COMPILATION_CONDITIONS = DEBUG;
				SWIFT_OPTIMIZATION_LEVEL = "-Onone";
			};
			name = Debug;
		};
		504D3C3827E017B300C95123 /* Release */ = {
			isa = XCBuildConfiguration;
			buildSettings = {
				ALWAYS_SEARCH_USER_PATHS = NO;
				CLANG_ANALYZER_NONNULL = YES;
				CLANG_ANALYZER_NUMBER_OBJECT_CONVERSION = YES_AGGRESSIVE;
				CLANG_CXX_LANGUAGE_STANDARD = "gnu++17";
				CLANG_CXX_LIBRARY = "libc++";
				CLANG_ENABLE_MODULES = YES;
				CLANG_ENABLE_OBJC_ARC = YES;
				CLANG_ENABLE_OBJC_WEAK = YES;
				CLANG_WARN_BLOCK_CAPTURE_AUTORELEASING = YES;
				CLANG_WARN_BOOL_CONVERSION = YES;
				CLANG_WARN_COMMA = YES;
				CLANG_WARN_CONSTANT_CONVERSION = YES;
				CLANG_WARN_DEPRECATED_OBJC_IMPLEMENTATIONS = YES;
				CLANG_WARN_DIRECT_OBJC_ISA_USAGE = YES_ERROR;
				CLANG_WARN_DOCUMENTATION_COMMENTS = YES;
				CLANG_WARN_EMPTY_BODY = YES;
				CLANG_WARN_ENUM_CONVERSION = YES;
				CLANG_WARN_INFINITE_RECURSION = YES;
				CLANG_WARN_INT_CONVERSION = YES;
				CLANG_WARN_NON_LITERAL_NULL_CONVERSION = YES;
				CLANG_WARN_OBJC_IMPLICIT_RETAIN_SELF = YES;
				CLANG_WARN_OBJC_LITERAL_CONVERSION = YES;
				CLANG_WARN_OBJC_ROOT_CLASS = YES_ERROR;
				CLANG_WARN_QUOTED_INCLUDE_IN_FRAMEWORK_HEADER = YES;
				CLANG_WARN_RANGE_LOOP_ANALYSIS = YES;
				CLANG_WARN_STRICT_PROTOTYPES = YES;
				CLANG_WARN_SUSPICIOUS_MOVE = YES;
				CLANG_WARN_UNGUARDED_AVAILABILITY = YES_AGGRESSIVE;
				CLANG_WARN_UNREACHABLE_CODE = YES;
				CLANG_WARN__DUPLICATE_METHOD_MATCH = YES;
				COPY_PHASE_STRIP = NO;
				DEBUG_INFORMATION_FORMAT = "dwarf-with-dsym";
				ENABLE_NS_ASSERTIONS = NO;
				ENABLE_STRICT_OBJC_MSGSEND = YES;
				GCC_C_LANGUAGE_STANDARD = gnu11;
				GCC_NO_COMMON_BLOCKS = YES;
				GCC_WARN_64_TO_32_BIT_CONVERSION = YES;
				GCC_WARN_ABOUT_RETURN_TYPE = YES_ERROR;
				GCC_WARN_UNDECLARED_SELECTOR = YES;
				GCC_WARN_UNINITIALIZED_AUTOS = YES_AGGRESSIVE;
				GCC_WARN_UNUSED_FUNCTION = YES;
				GCC_WARN_UNUSED_VARIABLE = YES;
				IPHONEOS_DEPLOYMENT_TARGET = 15.0;
				MTL_ENABLE_DEBUG_INFO = NO;
				MTL_FAST_MATH = YES;
				SDKROOT = iphoneos;
				SWIFT_COMPILATION_MODE = wholemodule;
				SWIFT_OPTIMIZATION_LEVEL = "-O";
				VALIDATE_PRODUCT = YES;
			};
			name = Release;
		};
		504D3C3A27E017B300C95123 /* Debug */ = {
			isa = XCBuildConfiguration;
			buildSettings = {
				ASSETCATALOG_COMPILER_APPICON_NAME = AppIcon;
				ASSETCATALOG_COMPILER_GLOBAL_ACCENT_COLOR_NAME = AccentColor;
				CODE_SIGN_STYLE = Automatic;
				CURRENT_PROJECT_VERSION = 1;
				DEVELOPMENT_ASSET_PATHS = "\"BreadBuddy/App/Assets\"";
				DEVELOPMENT_TEAM = 65UTX76JJY;
				ENABLE_PREVIEWS = YES;
				GENERATE_INFOPLIST_FILE = YES;
				INFOPLIST_KEY_UIApplicationSceneManifest_Generation = YES;
				INFOPLIST_KEY_UIApplicationSupportsIndirectInputEvents = YES;
				INFOPLIST_KEY_UILaunchScreen_Generation = YES;
				INFOPLIST_KEY_UISupportedInterfaceOrientations_iPad = "UIInterfaceOrientationPortrait UIInterfaceOrientationPortraitUpsideDown UIInterfaceOrientationLandscapeLeft UIInterfaceOrientationLandscapeRight";
				INFOPLIST_KEY_UISupportedInterfaceOrientations_iPhone = "UIInterfaceOrientationPortrait UIInterfaceOrientationLandscapeLeft UIInterfaceOrientationLandscapeRight";
				IPHONEOS_DEPLOYMENT_TARGET = 15.0;
				LD_RUNPATH_SEARCH_PATHS = (
					"$(inherited)",
					"@executable_path/Frameworks",
				);
				MARKETING_VERSION = 1.0;
				PRODUCT_BUNDLE_IDENTIFIER = ltd.bracket.dev.BreadBuddy;
				PRODUCT_NAME = "$(TARGET_NAME)";
				SWIFT_EMIT_LOC_STRINGS = YES;
				SWIFT_VERSION = 5.0;
				TARGETED_DEVICE_FAMILY = 1;
			};
			name = Debug;
		};
		504D3C3B27E017B300C95123 /* Release */ = {
			isa = XCBuildConfiguration;
			buildSettings = {
				ASSETCATALOG_COMPILER_APPICON_NAME = AppIcon;
				ASSETCATALOG_COMPILER_GLOBAL_ACCENT_COLOR_NAME = AccentColor;
				CODE_SIGN_STYLE = Automatic;
				CURRENT_PROJECT_VERSION = 1;
				DEVELOPMENT_ASSET_PATHS = "\"BreadBuddy/App/Assets\"";
				DEVELOPMENT_TEAM = 65UTX76JJY;
				ENABLE_PREVIEWS = YES;
				GENERATE_INFOPLIST_FILE = YES;
				INFOPLIST_KEY_UIApplicationSceneManifest_Generation = YES;
				INFOPLIST_KEY_UIApplicationSupportsIndirectInputEvents = YES;
				INFOPLIST_KEY_UILaunchScreen_Generation = YES;
				INFOPLIST_KEY_UISupportedInterfaceOrientations_iPad = "UIInterfaceOrientationPortrait UIInterfaceOrientationPortraitUpsideDown UIInterfaceOrientationLandscapeLeft UIInterfaceOrientationLandscapeRight";
				INFOPLIST_KEY_UISupportedInterfaceOrientations_iPhone = "UIInterfaceOrientationPortrait UIInterfaceOrientationLandscapeLeft UIInterfaceOrientationLandscapeRight";
				IPHONEOS_DEPLOYMENT_TARGET = 15.0;
				LD_RUNPATH_SEARCH_PATHS = (
					"$(inherited)",
					"@executable_path/Frameworks",
				);
				MARKETING_VERSION = 1.0;
				PRODUCT_BUNDLE_IDENTIFIER = ltd.bracket.dev.BreadBuddy;
				PRODUCT_NAME = "$(TARGET_NAME)";
				SWIFT_EMIT_LOC_STRINGS = YES;
				SWIFT_VERSION = 5.0;
				TARGETED_DEVICE_FAMILY = 1;
			};
			name = Release;
		};
		504D3C3D27E017B300C95123 /* Debug */ = {
			isa = XCBuildConfiguration;
			buildSettings = {
				ALWAYS_EMBED_SWIFT_STANDARD_LIBRARIES = YES;
				BUNDLE_LOADER = "$(TEST_HOST)";
				CODE_SIGN_STYLE = Automatic;
				CURRENT_PROJECT_VERSION = 1;
				DEVELOPMENT_TEAM = 65UTX76JJY;
				GENERATE_INFOPLIST_FILE = YES;
				IPHONEOS_DEPLOYMENT_TARGET = 15.2;
				MARKETING_VERSION = 1.0;
				PRODUCT_BUNDLE_IDENTIFIER = ltd.bracket.dev.BreadBuddyTests;
				PRODUCT_NAME = "$(TARGET_NAME)";
				SWIFT_EMIT_LOC_STRINGS = NO;
				SWIFT_VERSION = 5.0;
				TARGETED_DEVICE_FAMILY = "1,2";
				TEST_HOST = "$(BUILT_PRODUCTS_DIR)/BreadBuddy.app/BreadBuddy";
			};
			name = Debug;
		};
		504D3C3E27E017B300C95123 /* Release */ = {
			isa = XCBuildConfiguration;
			buildSettings = {
				ALWAYS_EMBED_SWIFT_STANDARD_LIBRARIES = YES;
				BUNDLE_LOADER = "$(TEST_HOST)";
				CODE_SIGN_STYLE = Automatic;
				CURRENT_PROJECT_VERSION = 1;
				DEVELOPMENT_TEAM = 65UTX76JJY;
				GENERATE_INFOPLIST_FILE = YES;
				IPHONEOS_DEPLOYMENT_TARGET = 15.2;
				MARKETING_VERSION = 1.0;
				PRODUCT_BUNDLE_IDENTIFIER = ltd.bracket.dev.BreadBuddyTests;
				PRODUCT_NAME = "$(TARGET_NAME)";
				SWIFT_EMIT_LOC_STRINGS = NO;
				SWIFT_VERSION = 5.0;
				TARGETED_DEVICE_FAMILY = "1,2";
				TEST_HOST = "$(BUILT_PRODUCTS_DIR)/BreadBuddy.app/BreadBuddy";
			};
			name = Release;
		};
/* End XCBuildConfiguration section */

/* Begin XCConfigurationList section */
		504D3C1027E017B200C95123 /* Build configuration list for PBXProject "BreadBuddy" */ = {
			isa = XCConfigurationList;
			buildConfigurations = (
				504D3C3727E017B300C95123 /* Debug */,
				504D3C3827E017B300C95123 /* Release */,
			);
			defaultConfigurationIsVisible = 0;
			defaultConfigurationName = Release;
		};
		504D3C3927E017B300C95123 /* Build configuration list for PBXNativeTarget "BreadBuddy" */ = {
			isa = XCConfigurationList;
			buildConfigurations = (
				504D3C3A27E017B300C95123 /* Debug */,
				504D3C3B27E017B300C95123 /* Release */,
			);
			defaultConfigurationIsVisible = 0;
			defaultConfigurationName = Release;
		};
		504D3C3C27E017B300C95123 /* Build configuration list for PBXNativeTarget "BreadBuddyTests" */ = {
			isa = XCConfigurationList;
			buildConfigurations = (
				504D3C3D27E017B300C95123 /* Debug */,
				504D3C3E27E017B300C95123 /* Release */,
			);
			defaultConfigurationIsVisible = 0;
			defaultConfigurationName = Release;
		};
/* End XCConfigurationList section */

/* Begin XCRemoteSwiftPackageReference section */
		509953172800CB09004AEEAB /* XCRemoteSwiftPackageReference "GRDB.swift" */ = {
			isa = XCRemoteSwiftPackageReference;
			repositoryURL = "https://github.com/groue/GRDB.swift.git";
			requirement = {
				branch = master;
				kind = branch;
			};
		};
/* End XCRemoteSwiftPackageReference section */

/* Begin XCSwiftPackageProductDependency section */
		509953182800CB09004AEEAB /* GRDB */ = {
			isa = XCSwiftPackageProductDependency;
			package = 509953172800CB09004AEEAB /* XCRemoteSwiftPackageReference "GRDB.swift" */;
			productName = GRDB;
		};
/* End XCSwiftPackageProductDependency section */
	};
	rootObject = 504D3C0D27E017B200C95123 /* Project object */;
}
