{
  "pins" : [
    {
      "identity" : "grdb.swift",
      "kind" : "remoteSourceControl",
      "location" : "https://github.com/groue/GRDB.swift.git",
      "state" : {
        "revision" : "e069e2732e3ee2b67bf89c1bda1937da0eaee7ef",
        "version" : "6.24.2"
      }
    }
  ],
  "version" : 2
}
