{
  "pins" : [
    {
      "identity" : "grdb.swift",
      "kind" : "remoteSourceControl",
      "location" : "https://github.com/groue/GRDB.swift.git",
      "state" : {
        "branch" : "master",
        "revision" : "15c06e037430c8a2dc570f9199dd7bf8caa21195"
      }
    }
  ],
  "version" : 2
}
