// !$*UTF8*$!
{
	archiveVersion = 1;
	classes = {
	};
	objectVersion = 55;
	objects = {

/* Begin PBXBuildFile section */
		5036A2DC27FE0CB200BEE804 /* GRDBEXApp.swift in Sources */ = {isa = PBXBuildFile; fileRef = 5036A2DB27FE0CB200BEE804 /* GRDBEXApp.swift */; };
		5036A2E027FE0CB300BEE804 /* Assets.xcassets in Resources */ = {isa = PBXBuildFile; fileRef = 5036A2DF27FE0CB300BEE804 /* Assets.xcassets */; };
		5036A2E327FE0CB300BEE804 /* Preview.xcassets in Resources */ = {isa = PBXBuildFile; fileRef = 5036A2E227FE0CB300BEE804 /* Preview.xcassets */; };
		5036A2ED27FE0CB300BEE804 /* GRDBEXTests.swift in Sources */ = {isa = PBXBuildFile; fileRef = 5036A2EC27FE0CB300BEE804 /* GRDBEXTests.swift */; };
		5036A30727FE0D9E00BEE804 /* GRDB in Frameworks */ = {isa = PBXBuildFile; productRef = 5036A30627FE0D9E00BEE804 /* GRDB */; };
		5036A30927FF1A0800BEE804 /* Todo.swift in Sources */ = {isa = PBXBuildFile; fileRef = 5036A30827FF1A0800BEE804 /* Todo.swift */; };
		5036A30B27FF1A2400BEE804 /* Database.swift in Sources */ = {isa = PBXBuildFile; fileRef = 5036A30A27FF1A2400BEE804 /* Database.swift */; };
		509952BB27FF4F44004AEEAB /* SubTodo.swift in Sources */ = {isa = PBXBuildFile; fileRef = 509952BA27FF4F44004AEEAB /* SubTodo.swift */; };
		509952C427FF612B004AEEAB /* SubTodoListView.swift in Sources */ = {isa = PBXBuildFile; fileRef = 509952C327FF612B004AEEAB /* SubTodoListView.swift */; };
		509952C627FF6158004AEEAB /* SubTodoListViewModel.swift in Sources */ = {isa = PBXBuildFile; fileRef = 509952C527FF6158004AEEAB /* SubTodoListViewModel.swift */; };
		509952C827FF7A2A004AEEAB /* Priority.swift in Sources */ = {isa = PBXBuildFile; fileRef = 509952C727FF7A2A004AEEAB /* Priority.swift */; };
		509984EC27FF2190005663B8 /* TodoListView.swift in Sources */ = {isa = PBXBuildFile; fileRef = 509984EB27FF2190005663B8 /* TodoListView.swift */; };
		509984EE27FF345C005663B8 /* TodoListViewModel.swift in Sources */ = {isa = PBXBuildFile; fileRef = 509984ED27FF345C005663B8 /* TodoListViewModel.swift */; };
/* End PBXBuildFile section */

/* Begin PBXContainerItemProxy section */
		5036A2E927FE0CB300BEE804 /* PBXContainerItemProxy */ = {
			isa = PBXContainerItemProxy;
			containerPortal = 5036A2D027FE0CB200BEE804 /* Project object */;
			proxyType = 1;
			remoteGlobalIDString = 5036A2D727FE0CB200BEE804;
			remoteInfo = GRDBEX;
		};
/* End PBXContainerItemProxy section */

/* Begin PBXFileReference section */
		5036A2D827FE0CB200BEE804 /* GRDBEX.app */ = {isa = PBXFileReference; explicitFileType = wrapper.application; includeInIndex = 0; path = GRDBEX.app; sourceTree = BUILT_PRODUCTS_DIR; };
		5036A2DB27FE0CB200BEE804 /* GRDBEXApp.swift */ = {isa = PBXFileReference; lastKnownFileType = sourcecode.swift; path = GRDBEXApp.swift; sourceTree = "<group>"; };
		5036A2DF27FE0CB300BEE804 /* Assets.xcassets */ = {isa = PBXFileReference; lastKnownFileType = folder.assetcatalog; path = Assets.xcassets; sourceTree = "<group>"; };
		5036A2E227FE0CB300BEE804 /* Preview.xcassets */ = {isa = PBXFileReference; lastKnownFileType = folder.assetcatalog; path = Preview.xcassets; sourceTree = "<group>"; };
		5036A2E827FE0CB300BEE804 /* GRDBEXTests.xctest */ = {isa = PBXFileReference; explicitFileType = wrapper.cfbundle; includeInIndex = 0; path = GRDBEXTests.xctest; sourceTree = BUILT_PRODUCTS_DIR; };
		5036A2EC27FE0CB300BEE804 /* GRDBEXTests.swift */ = {isa = PBXFileReference; lastKnownFileType = sourcecode.swift; path = GRDBEXTests.swift; sourceTree = "<group>"; };
		5036A30827FF1A0800BEE804 /* Todo.swift */ = {isa = PBXFileReference; lastKnownFileType = sourcecode.swift; path = Todo.swift; sourceTree = "<group>"; };
		5036A30A27FF1A2400BEE804 /* Database.swift */ = {isa = PBXFileReference; lastKnownFileType = sourcecode.swift; path = Database.swift; sourceTree = "<group>"; };
		509952BA27FF4F44004AEEAB /* SubTodo.swift */ = {isa = PBXFileReference; lastKnownFileType = sourcecode.swift; path = SubTodo.swift; sourceTree = "<group>"; };
		509952C327FF612B004AEEAB /* SubTodoListView.swift */ = {isa = PBXFileReference; lastKnownFileType = sourcecode.swift; path = SubTodoListView.swift; sourceTree = "<group>"; };
		509952C527FF6158004AEEAB /* SubTodoListViewModel.swift */ = {isa = PBXFileReference; lastKnownFileType = sourcecode.swift; path = SubTodoListViewModel.swift; sourceTree = "<group>"; };
		509952C727FF7A2A004AEEAB /* Priority.swift */ = {isa = PBXFileReference; lastKnownFileType = sourcecode.swift; path = Priority.swift; sourceTree = "<group>"; };
		509984EB27FF2190005663B8 /* TodoListView.swift */ = {isa = PBXFileReference; lastKnownFileType = sourcecode.swift; path = TodoListView.swift; sourceTree = "<group>"; };
		509984ED27FF345C005663B8 /* TodoListViewModel.swift */ = {isa = PBXFileReference; lastKnownFileType = sourcecode.swift; path = TodoListViewModel.swift; sourceTree = "<group>"; };
/* End PBXFileReference section */

/* Begin PBXFrameworksBuildPhase section */
		5036A2D527FE0CB200BEE804 /* Frameworks */ = {
			isa = PBXFrameworksBuildPhase;
			buildActionMask = 2147483647;
			files = (
				5036A30727FE0D9E00BEE804 /* GRDB in Frameworks */,
			);
			runOnlyForDeploymentPostprocessing = 0;
		};
		5036A2E527FE0CB300BEE804 /* Frameworks */ = {
			isa = PBXFrameworksBuildPhase;
			buildActionMask = 2147483647;
			files = (
			);
			runOnlyForDeploymentPostprocessing = 0;
		};
/* End PBXFrameworksBuildPhase section */

/* Begin PBXGroup section */
		5036A2CF27FE0CB200BEE804 = {
			isa = PBXGroup;
			children = (
				5036A2DA27FE0CB200BEE804 /* GRDBEX */,
				5036A2EB27FE0CB300BEE804 /* GRDBEXTests */,
				5036A2D927FE0CB200BEE804 /* Products */,
			);
			sourceTree = "<group>";
		};
		5036A2D927FE0CB200BEE804 /* Products */ = {
			isa = PBXGroup;
			children = (
				5036A2D827FE0CB200BEE804 /* GRDBEX.app */,
				5036A2E827FE0CB300BEE804 /* GRDBEXTests.xctest */,
			);
			name = Products;
			sourceTree = "<group>";
		};
		5036A2DA27FE0CB200BEE804 /* GRDBEX */ = {
			isa = PBXGroup;
			children = (
				509952BD27FF6086004AEEAB /* App */,
				509952BE27FF608B004AEEAB /* Database */,
				509952BC27FF6079004AEEAB /* Models */,
				509952BF27FF6092004AEEAB /* Views */,
			);
			path = GRDBEX;
			sourceTree = "<group>";
		};
		5036A2EB27FE0CB300BEE804 /* GRDBEXTests */ = {
			isa = PBXGroup;
			children = (
				5036A2EC27FE0CB300BEE804 /* GRDBEXTests.swift */,
			);
			path = GRDBEXTests;
			sourceTree = "<group>";
		};
		509952BC27FF6079004AEEAB /* Models */ = {
			isa = PBXGroup;
			children = (
				5036A30827FF1A0800BEE804 /* Todo.swift */,
				509952C727FF7A2A004AEEAB /* Priority.swift */,
				509952BA27FF4F44004AEEAB /* SubTodo.swift */,
			);
			path = Models;
			sourceTree = "<group>";
		};
		509952BD27FF6086004AEEAB /* App */ = {
			isa = PBXGroup;
			children = (
				5036A2DB27FE0CB200BEE804 /* GRDBEXApp.swift */,
				509952C127FF60AF004AEEAB /* Assets */,
			);
			path = App;
			sourceTree = "<group>";
		};
		509952BE27FF608B004AEEAB /* Database */ = {
			isa = PBXGroup;
			children = (
				5036A30A27FF1A2400BEE804 /* Database.swift */,
			);
			path = Database;
			sourceTree = "<group>";
		};
		509952BF27FF6092004AEEAB /* Views */ = {
			isa = PBXGroup;
			children = (
				509952C027FF609A004AEEAB /* TodoList */,
				509952C227FF610C004AEEAB /* SubTodoList */,
			);
			path = Views;
			sourceTree = "<group>";
		};
		509952C027FF609A004AEEAB /* TodoList */ = {
			isa = PBXGroup;
			children = (
				509984EB27FF2190005663B8 /* TodoListView.swift */,
				509984ED27FF345C005663B8 /* TodoListViewModel.swift */,
			);
			path = TodoList;
			sourceTree = "<group>";
		};
		509952C127FF60AF004AEEAB /* Assets */ = {
			isa = PBXGroup;
			children = (
				5036A2DF27FE0CB300BEE804 /* Assets.xcassets */,
				5036A2E227FE0CB300BEE804 /* Preview.xcassets */,
			);
			path = Assets;
			sourceTree = "<group>";
		};
		509952C227FF610C004AEEAB /* SubTodoList */ = {
			isa = PBXGroup;
			children = (
				509952C327FF612B004AEEAB /* SubTodoListView.swift */,
				509952C527FF6158004AEEAB /* SubTodoListViewModel.swift */,
			);
			path = SubTodoList;
			sourceTree = "<group>";
		};
/* End PBXGroup section */

/* Begin PBXNativeTarget section */
		5036A2D727FE0CB200BEE804 /* GRDBEX */ = {
			isa = PBXNativeTarget;
			buildConfigurationList = 5036A2FC27FE0CB300BEE804 /* Build configuration list for PBXNativeTarget "GRDBEX" */;
			buildPhases = (
				5036A2D427FE0CB200BEE804 /* Sources */,
				5036A2D527FE0CB200BEE804 /* Frameworks */,
				5036A2D627FE0CB200BEE804 /* Resources */,
			);
			buildRules = (
			);
			dependencies = (
			);
			name = GRDBEX;
			packageProductDependencies = (
				5036A30627FE0D9E00BEE804 /* GRDB */,
			);
			productName = GRDBEX;
			productReference = 5036A2D827FE0CB200BEE804 /* GRDBEX.app */;
			productType = "com.apple.product-type.application";
		};
		5036A2E727FE0CB300BEE804 /* GRDBEXTests */ = {
			isa = PBXNativeTarget;
			buildConfigurationList = 5036A2FF27FE0CB300BEE804 /* Build configuration list for PBXNativeTarget "GRDBEXTests" */;
			buildPhases = (
				5036A2E427FE0CB300BEE804 /* Sources */,
				5036A2E527FE0CB300BEE804 /* Frameworks */,
				5036A2E627FE0CB300BEE804 /* Resources */,
			);
			buildRules = (
			);
			dependencies = (
				5036A2EA27FE0CB300BEE804 /* PBXTargetDependency */,
			);
			name = GRDBEXTests;
			productName = GRDBEXTests;
			productReference = 5036A2E827FE0CB300BEE804 /* GRDBEXTests.xctest */;
			productType = "com.apple.product-type.bundle.unit-test";
		};
/* End PBXNativeTarget section */

/* Begin PBXProject section */
		5036A2D027FE0CB200BEE804 /* Project object */ = {
			isa = PBXProject;
			attributes = {
				BuildIndependentTargetsInParallel = 1;
				LastSwiftUpdateCheck = 1330;
				LastUpgradeCheck = 1330;
				TargetAttributes = {
					5036A2D727FE0CB200BEE804 = {
						CreatedOnToolsVersion = 13.3;
					};
					5036A2E727FE0CB300BEE804 = {
						CreatedOnToolsVersion = 13.3;
						TestTargetID = 5036A2D727FE0CB200BEE804;
					};
				};
			};
			buildConfigurationList = 5036A2D327FE0CB200BEE804 /* Build configuration list for PBXProject "GRDBEX" */;
			compatibilityVersion = "Xcode 13.0";
			developmentRegion = en;
			hasScannedForEncodings = 0;
			knownRegions = (
				en,
				Base,
			);
			mainGroup = 5036A2CF27FE0CB200BEE804;
			packageReferences = (
				5036A30527FE0D9E00BEE804 /* XCRemoteSwiftPackageReference "GRDB.swift" */,
			);
			productRefGroup = 5036A2D927FE0CB200BEE804 /* Products */;
			projectDirPath = "";
			projectRoot = "";
			targets = (
				5036A2D727FE0CB200BEE804 /* GRDBEX */,
				5036A2E727FE0CB300BEE804 /* GRDBEXTests */,
			);
		};
/* End PBXProject section */

/* Begin PBXResourcesBuildPhase section */
		5036A2D627FE0CB200BEE804 /* Resources */ = {
			isa = PBXResourcesBuildPhase;
			buildActionMask = 2147483647;
			files = (
				5036A2E327FE0CB300BEE804 /* Preview.xcassets in Resources */,
				5036A2E027FE0CB300BEE804 /* Assets.xcassets in Resources */,
			);
			runOnlyForDeploymentPostprocessing = 0;
		};
		5036A2E627FE0CB300BEE804 /* Resources */ = {
			isa = PBXResourcesBuildPhase;
			buildActionMask = 2147483647;
			files = (
			);
			runOnlyForDeploymentPostprocessing = 0;
		};
/* End PBXResourcesBuildPhase section */

/* Begin PBXSourcesBuildPhase section */
		5036A2D427FE0CB200BEE804 /* Sources */ = {
			isa = PBXSourcesBuildPhase;
			buildActionMask = 2147483647;
			files = (
				5036A30927FF1A0800BEE804 /* Todo.swift in Sources */,
				5036A30B27FF1A2400BEE804 /* Database.swift in Sources */,
				509952C427FF612B004AEEAB /* SubTodoListView.swift in Sources */,
				509984EC27FF2190005663B8 /* TodoListView.swift in Sources */,
				509984EE27FF345C005663B8 /* TodoListViewModel.swift in Sources */,
				509952C627FF6158004AEEAB /* SubTodoListViewModel.swift in Sources */,
				509952BB27FF4F44004AEEAB /* SubTodo.swift in Sources */,
				5036A2DC27FE0CB200BEE804 /* GRDBEXApp.swift in Sources */,
				509952C827FF7A2A004AEEAB /* Priority.swift in Sources */,
			);
			runOnlyForDeploymentPostprocessing = 0;
		};
		5036A2E427FE0CB300BEE804 /* Sources */ = {
			isa = PBXSourcesBuildPhase;
			buildActionMask = 2147483647;
			files = (
				5036A2ED27FE0CB300BEE804 /* GRDBEXTests.swift in Sources */,
			);
			runOnlyForDeploymentPostprocessing = 0;
		};
/* End PBXSourcesBuildPhase section */

/* Begin PBXTargetDependency section */
		5036A2EA27FE0CB300BEE804 /* PBXTargetDependency */ = {
			isa = PBXTargetDependency;
			target = 5036A2D727FE0CB200BEE804 /* GRDBEX */;
			targetProxy = 5036A2E927FE0CB300BEE804 /* PBXContainerItemProxy */;
		};
/* End PBXTargetDependency section */

/* Begin XCBuildConfiguration section */
		5036A2FA27FE0CB300BEE804 /* Debug */ = {
			isa = XCBuildConfiguration;
			buildSettings = {
				ALWAYS_SEARCH_USER_PATHS = NO;
				CLANG_ANALYZER_NONNULL = YES;
				CLANG_ANALYZER_NUMBER_OBJECT_CONVERSION = YES_AGGRESSIVE;
				CLANG_CXX_LANGUAGE_STANDARD = "gnu++17";
				CLANG_ENABLE_MODULES = YES;
				CLANG_ENABLE_OBJC_ARC = YES;
				CLANG_ENABLE_OBJC_WEAK = YES;
				CLANG_WARN_BLOCK_CAPTURE_AUTORELEASING = YES;
				CLANG_WARN_BOOL_CONVERSION = YES;
				CLANG_WARN_COMMA = YES;
				CLANG_WARN_CONSTANT_CONVERSION = YES;
				CLANG_WARN_DEPRECATED_OBJC_IMPLEMENTATIONS = YES;
				CLANG_WARN_DIRECT_OBJC_ISA_USAGE = YES_ERROR;
				CLANG_WARN_DOCUMENTATION_COMMENTS = YES;
				CLANG_WARN_EMPTY_BODY = YES;
				CLANG_WARN_ENUM_CONVERSION = YES;
				CLANG_WARN_INFINITE_RECURSION = YES;
				CLANG_WARN_INT_CONVERSION = YES;
				CLANG_WARN_NON_LITERAL_NULL_CONVERSION = YES;
				CLANG_WARN_OBJC_IMPLICIT_RETAIN_SELF = YES;
				CLANG_WARN_OBJC_LITERAL_CONVERSION = YES;
				CLANG_WARN_OBJC_ROOT_CLASS = YES_ERROR;
				CLANG_WARN_QUOTED_INCLUDE_IN_FRAMEWORK_HEADER = YES;
				CLANG_WARN_RANGE_LOOP_ANALYSIS = YES;
				CLANG_WARN_STRICT_PROTOTYPES = YES;
				CLANG_WARN_SUSPICIOUS_MOVE = YES;
				CLANG_WARN_UNGUARDED_AVAILABILITY = YES_AGGRESSIVE;
				CLANG_WARN_UNREACHABLE_CODE = YES;
				CLANG_WARN__DUPLICATE_METHOD_MATCH = YES;
				COPY_PHASE_STRIP = NO;
				DEBUG_INFORMATION_FORMAT = dwarf;
				ENABLE_STRICT_OBJC_MSGSEND = YES;
				ENABLE_TESTABILITY = YES;
				GCC_C_LANGUAGE_STANDARD = gnu11;
				GCC_DYNAMIC_NO_PIC = NO;
				GCC_NO_COMMON_BLOCKS = YES;
				GCC_OPTIMIZATION_LEVEL = 0;
				GCC_PREPROCESSOR_DEFINITIONS = (
					"DEBUG=1",
					"$(inherited)",
				);
				GCC_WARN_64_TO_32_BIT_CONVERSION = YES;
				GCC_WARN_ABOUT_RETURN_TYPE = YES_ERROR;
				GCC_WARN_UNDECLARED_SELECTOR = YES;
				GCC_WARN_UNINITIALIZED_AUTOS = YES_AGGRESSIVE;
				GCC_WARN_UNUSED_FUNCTION = YES;
				GCC_WARN_UNUSED_VARIABLE = YES;
				IPHONEOS_DEPLOYMENT_TARGET = 15.0;
				MTL_ENABLE_DEBUG_INFO = INCLUDE_SOURCE;
				MTL_FAST_MATH = YES;
				ONLY_ACTIVE_ARCH = YES;
				SDKROOT = iphoneos;
				SWIFT_ACTIVE_COMPILATION_CONDITIONS = DEBUG;
				SWIFT_OPTIMIZATION_LEVEL = "-Onone";
			};
			name = Debug;
		};
		5036A2FB27FE0CB300BEE804 /* Release */ = {
			isa = XCBuildConfiguration;
			buildSettings = {
				ALWAYS_SEARCH_USER_PATHS = NO;
				CLANG_ANALYZER_NONNULL = YES;
				CLANG_ANALYZER_NUMBER_OBJECT_CONVERSION = YES_AGGRESSIVE;
				CLANG_CXX_LANGUAGE_STANDARD = "gnu++17";
				CLANG_ENABLE_MODULES = YES;
				CLANG_ENABLE_OBJC_ARC = YES;
				CLANG_ENABLE_OBJC_WEAK = YES;
				CLANG_WARN_BLOCK_CAPTURE_AUTORELEASING = YES;
				CLANG_WARN_BOOL_CONVERSION = YES;
				CLANG_WARN_COMMA = YES;
				CLANG_WARN_CONSTANT_CONVERSION = YES;
				CLANG_WARN_DEPRECATED_OBJC_IMPLEMENTATIONS = YES;
				CLANG_WARN_DIRECT_OBJC_ISA_USAGE = YES_ERROR;
				CLANG_WARN_DOCUMENTATION_COMMENTS = YES;
				CLANG_WARN_EMPTY_BODY = YES;
				CLANG_WARN_ENUM_CONVERSION = YES;
				CLANG_WARN_INFINITE_RECURSION = YES;
				CLANG_WARN_INT_CONVERSION = YES;
				CLANG_WARN_NON_LITERAL_NULL_CONVERSION = YES;
				CLANG_WARN_OBJC_IMPLICIT_RETAIN_SELF = YES;
				CLANG_WARN_OBJC_LITERAL_CONVERSION = YES;
				CLANG_WARN_OBJC_ROOT_CLASS = YES_ERROR;
				CLANG_WARN_QUOTED_INCLUDE_IN_FRAMEWORK_HEADER = YES;
				CLANG_WARN_RANGE_LOOP_ANALYSIS = YES;
				CLANG_WARN_STRICT_PROTOTYPES = YES;
				CLANG_WARN_SUSPICIOUS_MOVE = YES;
				CLANG_WARN_UNGUARDED_AVAILABILITY = YES_AGGRESSIVE;
				CLANG_WARN_UNREACHABLE_CODE = YES;
				CLANG_WARN__DUPLICATE_METHOD_MATCH = YES;
				COPY_PHASE_STRIP = NO;
				DEBUG_INFORMATION_FORMAT = "dwarf-with-dsym";
				ENABLE_NS_ASSERTIONS = NO;
				ENABLE_STRICT_OBJC_MSGSEND = YES;
				GCC_C_LANGUAGE_STANDARD = gnu11;
				GCC_NO_COMMON_BLOCKS = YES;
				GCC_WARN_64_TO_32_BIT_CONVERSION = YES;
				GCC_WARN_ABOUT_RETURN_TYPE = YES_ERROR;
				GCC_WARN_UNDECLARED_SELECTOR = YES;
				GCC_WARN_UNINITIALIZED_AUTOS = YES_AGGRESSIVE;
				GCC_WARN_UNUSED_FUNCTION = YES;
				GCC_WARN_UNUSED_VARIABLE = YES;
				IPHONEOS_DEPLOYMENT_TARGET = 15.0;
				MTL_ENABLE_DEBUG_INFO = NO;
				MTL_FAST_MATH = YES;
				SDKROOT = iphoneos;
				SWIFT_COMPILATION_MODE = wholemodule;
				SWIFT_OPTIMIZATION_LEVEL = "-O";
				VALIDATE_PRODUCT = YES;
			};
			name = Release;
		};
		5036A2FD27FE0CB300BEE804 /* Debug */ = {
			isa = XCBuildConfiguration;
			buildSettings = {
				ASSETCATALOG_COMPILER_APPICON_NAME = AppIcon;
				ASSETCATALOG_COMPILER_GLOBAL_ACCENT_COLOR_NAME = AccentColor;
				CODE_SIGN_STYLE = Automatic;
				CURRENT_PROJECT_VERSION = 1;
				DEVELOPMENT_ASSET_PATHS = "\"GRDBEX/App/Assets\"";
				DEVELOPMENT_TEAM = 65UTX76JJY;
				ENABLE_PREVIEWS = YES;
				GENERATE_INFOPLIST_FILE = YES;
				INFOPLIST_KEY_UIApplicationSceneManifest_Generation = YES;
				INFOPLIST_KEY_UIApplicationSupportsIndirectInputEvents = YES;
				INFOPLIST_KEY_UILaunchScreen_Generation = YES;
				INFOPLIST_KEY_UISupportedInterfaceOrientations_iPad = "UIInterfaceOrientationPortrait UIInterfaceOrientationPortraitUpsideDown UIInterfaceOrientationLandscapeLeft UIInterfaceOrientationLandscapeRight";
				INFOPLIST_KEY_UISupportedInterfaceOrientations_iPhone = "UIInterfaceOrientationPortrait UIInterfaceOrientationLandscapeLeft UIInterfaceOrientationLandscapeRight";
				IPHONEOS_DEPLOYMENT_TARGET = 15.0;
				LD_RUNPATH_SEARCH_PATHS = (
					"$(inherited)",
					"@executable_path/Frameworks",
				);
				MARKETING_VERSION = 1.0;
				PRODUCT_BUNDLE_IDENTIFIER = ltd.bracket.dev.GRDBEX;
				PRODUCT_NAME = "$(TARGET_NAME)";
				SWIFT_EMIT_LOC_STRINGS = YES;
				SWIFT_VERSION = 5.0;
				TARGETED_DEVICE_FAMILY = "1,2";
			};
			name = Debug;
		};
		5036A2FE27FE0CB300BEE804 /* Release */ = {
			isa = XCBuildConfiguration;
			buildSettings = {
				ASSETCATALOG_COMPILER_APPICON_NAME = AppIcon;
				ASSETCATALOG_COMPILER_GLOBAL_ACCENT_COLOR_NAME = AccentColor;
				CODE_SIGN_STYLE = Automatic;
				CURRENT_PROJECT_VERSION = 1;
				DEVELOPMENT_ASSET_PATHS = "\"GRDBEX/App/Assets\"";
				DEVELOPMENT_TEAM = 65UTX76JJY;
				ENABLE_PREVIEWS = YES;
				GENERATE_INFOPLIST_FILE = YES;
				INFOPLIST_KEY_UIApplicationSceneManifest_Generation = YES;
				INFOPLIST_KEY_UIApplicationSupportsIndirectInputEvents = YES;
				INFOPLIST_KEY_UILaunchScreen_Generation = YES;
				INFOPLIST_KEY_UISupportedInterfaceOrientations_iPad = "UIInterfaceOrientationPortrait UIInterfaceOrientationPortraitUpsideDown UIInterfaceOrientationLandscapeLeft UIInterfaceOrientationLandscapeRight";
				INFOPLIST_KEY_UISupportedInterfaceOrientations_iPhone = "UIInterfaceOrientationPortrait UIInterfaceOrientationLandscapeLeft UIInterfaceOrientationLandscapeRight";
				IPHONEOS_DEPLOYMENT_TARGET = 15.0;
				LD_RUNPATH_SEARCH_PATHS = (
					"$(inherited)",
					"@executable_path/Frameworks",
				);
				MARKETING_VERSION = 1.0;
				PRODUCT_BUNDLE_IDENTIFIER = ltd.bracket.dev.GRDBEX;
				PRODUCT_NAME = "$(TARGET_NAME)";
				SWIFT_EMIT_LOC_STRINGS = YES;
				SWIFT_VERSION = 5.0;
				TARGETED_DEVICE_FAMILY = "1,2";
			};
			name = Release;
		};
		5036A30027FE0CB300BEE804 /* Debug */ = {
			isa = XCBuildConfiguration;
			buildSettings = {
				ALWAYS_EMBED_SWIFT_STANDARD_LIBRARIES = YES;
				BUNDLE_LOADER = "$(TEST_HOST)";
				CODE_SIGN_STYLE = Automatic;
				CURRENT_PROJECT_VERSION = 1;
				DEVELOPMENT_TEAM = 65UTX76JJY;
				GENERATE_INFOPLIST_FILE = YES;
				IPHONEOS_DEPLOYMENT_TARGET = 15.4;
				MARKETING_VERSION = 1.0;
				PRODUCT_BUNDLE_IDENTIFIER = ltd.bracket.dev.GRDBEXTests;
				PRODUCT_NAME = "$(TARGET_NAME)";
				SWIFT_EMIT_LOC_STRINGS = NO;
				SWIFT_VERSION = 5.0;
				TARGETED_DEVICE_FAMILY = "1,2";
				TEST_HOST = "$(BUILT_PRODUCTS_DIR)/GRDBEX.app/GRDBEX";
			};
			name = Debug;
		};
		5036A30127FE0CB300BEE804 /* Release */ = {
			isa = XCBuildConfiguration;
			buildSettings = {
				ALWAYS_EMBED_SWIFT_STANDARD_LIBRARIES = YES;
				BUNDLE_LOADER = "$(TEST_HOST)";
				CODE_SIGN_STYLE = Automatic;
				CURRENT_PROJECT_VERSION = 1;
				DEVELOPMENT_TEAM = 65UTX76JJY;
				GENERATE_INFOPLIST_FILE = YES;
				IPHONEOS_DEPLOYMENT_TARGET = 15.4;
				MARKETING_VERSION = 1.0;
				PRODUCT_BUNDLE_IDENTIFIER = ltd.bracket.dev.GRDBEXTests;
				PRODUCT_NAME = "$(TARGET_NAME)";
				SWIFT_EMIT_LOC_STRINGS = NO;
				SWIFT_VERSION = 5.0;
				TARGETED_DEVICE_FAMILY = "1,2";
				TEST_HOST = "$(BUILT_PRODUCTS_DIR)/GRDBEX.app/GRDBEX";
			};
			name = Release;
		};
/* End XCBuildConfiguration section */

/* Begin XCConfigurationList section */
		5036A2D327FE0CB200BEE804 /* Build configuration list for PBXProject "GRDBEX" */ = {
			isa = XCConfigurationList;
			buildConfigurations = (
				5036A2FA27FE0CB300BEE804 /* Debug */,
				5036A2FB27FE0CB300BEE804 /* Release */,
			);
			defaultConfigurationIsVisible = 0;
			defaultConfigurationName = Release;
		};
		5036A2FC27FE0CB300BEE804 /* Build configuration list for PBXNativeTarget "GRDBEX" */ = {
			isa = XCConfigurationList;
			buildConfigurations = (
				5036A2FD27FE0CB300BEE804 /* Debug */,
				5036A2FE27FE0CB300BEE804 /* Release */,
			);
			defaultConfigurationIsVisible = 0;
			defaultConfigurationName = Release;
		};
		5036A2FF27FE0CB300BEE804 /* Build configuration list for PBXNativeTarget "GRDBEXTests" */ = {
			isa = XCConfigurationList;
			buildConfigurations = (
				5036A30027FE0CB300BEE804 /* Debug */,
				5036A30127FE0CB300BEE804 /* Release */,
			);
			defaultConfigurationIsVisible = 0;
			defaultConfigurationName = Release;
		};
/* End XCConfigurationList section */

/* Begin XCRemoteSwiftPackageReference section */
		5036A30527FE0D9E00BEE804 /* XCRemoteSwiftPackageReference "GRDB.swift" */ = {
			isa = XCRemoteSwiftPackageReference;
			repositoryURL = "https://github.com/groue/GRDB.swift.git";
			requirement = {
				branch = master;
				kind = branch;
			};
		};
/* End XCRemoteSwiftPackageReference section */

/* Begin XCSwiftPackageProductDependency section */
		5036A30627FE0D9E00BEE804 /* GRDB */ = {
			isa = XCSwiftPackageProductDependency;
			package = 5036A30527FE0D9E00BEE804 /* XCRemoteSwiftPackageReference "GRDB.swift" */;
			productName = GRDB;
		};
/* End XCSwiftPackageProductDependency section */
	};
	rootObject = 5036A2D027FE0CB200BEE804 /* Project object */;
}
